// !$*UTF8*$!
{
	archiveVersion = 1;
	classes = {
	};
	objectVersion = 55;
	objects = {

/* Begin PBXBuildFile section */
		1B5064A22820EF85007D30BE /* AppDelegate.swift in Sources */ = {isa = PBXBuildFile; fileRef = 1B5064A12820EF85007D30BE /* AppDelegate.swift */; };
		1B5064A42820EF85007D30BE /* SceneDelegate.swift in Sources */ = {isa = PBXBuildFile; fileRef = 1B5064A32820EF85007D30BE /* SceneDelegate.swift */; };
		1B5064A62820EF85007D30BE /* GoalsVC.swift in Sources */ = {isa = PBXBuildFile; fileRef = 1B5064A52820EF85007D30BE /* GoalsVC.swift */; };
		1B5064A92820EF85007D30BE /* Main.storyboard in Resources */ = {isa = PBXBuildFile; fileRef = 1B5064A72820EF85007D30BE /* Main.storyboard */; };
		1B5064AC2820EF85007D30BE /* goalApp.xcdatamodeld in Sources */ = {isa = PBXBuildFile; fileRef = 1B5064AA2820EF85007D30BE /* goalApp.xcdatamodeld */; };
		1B5064AE2820EF86007D30BE /* Assets.xcassets in Resources */ = {isa = PBXBuildFile; fileRef = 1B5064AD2820EF86007D30BE /* Assets.xcassets */; };
		1B5064B12820EF86007D30BE /* LaunchScreen.storyboard in Resources */ = {isa = PBXBuildFile; fileRef = 1B5064AF2820EF86007D30BE /* LaunchScreen.storyboard */; };
		1B8CE4DA2821180400925C14 /* TypesOfGoals.swift in Sources */ = {isa = PBXBuildFile; fileRef = 1B8CE4D92821180400925C14 /* TypesOfGoals.swift */; };
		1B8CE4DC28212A9400925C14 /* CreateGoalVC.swift in Sources */ = {isa = PBXBuildFile; fileRef = 1B8CE4DB28212A9400925C14 /* CreateGoalVC.swift */; };
		1B8CE4DE28212BDA00925C14 /* UIViewControllerExt.swift in Sources */ = {isa = PBXBuildFile; fileRef = 1B8CE4DD28212BDA00925C14 /* UIViewControllerExt.swift */; };
		1B8CE4E12821336300925C14 /* PresentTransition.swift in Sources */ = {isa = PBXBuildFile; fileRef = 1B8CE4E02821336300925C14 /* PresentTransition.swift */; };
		1B8CE4E32821339400925C14 /* DismissTransition.swift in Sources */ = {isa = PBXBuildFile; fileRef = 1B8CE4E22821339400925C14 /* DismissTransition.swift */; };
		1BC9C9A52820FFBA0007CC85 /* GoalCell.swift in Sources */ = {isa = PBXBuildFile; fileRef = 1BC9C9A42820FFBA0007CC85 /* GoalCell.swift */; };
/* End PBXBuildFile section */

/* Begin PBXFileReference section */
		1B50649E2820EF85007D30BE /* goalApp.app */ = {isa = PBXFileReference; explicitFileType = wrapper.application; includeInIndex = 0; path = goalApp.app; sourceTree = BUILT_PRODUCTS_DIR; };
		1B5064A12820EF85007D30BE /* AppDelegate.swift */ = {isa = PBXFileReference; lastKnownFileType = sourcecode.swift; path = AppDelegate.swift; sourceTree = "<group>"; };
		1B5064A32820EF85007D30BE /* SceneDelegate.swift */ = {isa = PBXFileReference; lastKnownFileType = sourcecode.swift; path = SceneDelegate.swift; sourceTree = "<group>"; };
		1B5064A52820EF85007D30BE /* GoalsVC.swift */ = {isa = PBXFileReference; lastKnownFileType = sourcecode.swift; path = GoalsVC.swift; sourceTree = "<group>"; };
		1B5064A82820EF85007D30BE /* Base */ = {isa = PBXFileReference; lastKnownFileType = file.storyboard; name = Base; path = Base.lproj/Main.storyboard; sourceTree = "<group>"; };
		1B5064AB2820EF85007D30BE /* goalApp.xcdatamodel */ = {isa = PBXFileReference; lastKnownFileType = wrapper.xcdatamodel; path = goalApp.xcdatamodel; sourceTree = "<group>"; };
		1B5064AD2820EF86007D30BE /* Assets.xcassets */ = {isa = PBXFileReference; lastKnownFileType = folder.assetcatalog; path = Assets.xcassets; sourceTree = "<group>"; };
		1B5064B02820EF86007D30BE /* Base */ = {isa = PBXFileReference; lastKnownFileType = file.storyboard; name = Base; path = Base.lproj/LaunchScreen.storyboard; sourceTree = "<group>"; };
		1B5064B22820EF86007D30BE /* Info.plist */ = {isa = PBXFileReference; lastKnownFileType = text.plist.xml; path = Info.plist; sourceTree = "<group>"; };
		1B8CE4D92821180400925C14 /* TypesOfGoals.swift */ = {isa = PBXFileReference; lastKnownFileType = sourcecode.swift; path = TypesOfGoals.swift; sourceTree = "<group>"; };
		1B8CE4DB28212A9400925C14 /* CreateGoalVC.swift */ = {isa = PBXFileReference; lastKnownFileType = sourcecode.swift; path = CreateGoalVC.swift; sourceTree = "<group>"; };
		1B8CE4DD28212BDA00925C14 /* UIViewControllerExt.swift */ = {isa = PBXFileReference; lastKnownFileType = sourcecode.swift; path = UIViewControllerExt.swift; sourceTree = "<group>"; };
		1B8CE4E02821336300925C14 /* PresentTransition.swift */ = {isa = PBXFileReference; lastKnownFileType = sourcecode.swift; path = PresentTransition.swift; sourceTree = "<group>"; };
		1B8CE4E22821339400925C14 /* DismissTransition.swift */ = {isa = PBXFileReference; lastKnownFileType = sourcecode.swift; path = DismissTransition.swift; sourceTree = "<group>"; };
		1BC9C9A42820FFBA0007CC85 /* GoalCell.swift */ = {isa = PBXFileReference; lastKnownFileType = sourcecode.swift; path = GoalCell.swift; sourceTree = "<group>"; };
/* End PBXFileReference section */

/* Begin PBXFrameworksBuildPhase section */
		1B50649B2820EF85007D30BE /* Frameworks */ = {
			isa = PBXFrameworksBuildPhase;
			buildActionMask = 2147483647;
			files = (
			);
			runOnlyForDeploymentPostprocessing = 0;
		};
/* End PBXFrameworksBuildPhase section */

/* Begin PBXGroup section */
		1B5064952820EF85007D30BE = {
			isa = PBXGroup;
			children = (
				1B5064A02820EF85007D30BE /* goalApp */,
				1B50649F2820EF85007D30BE /* Products */,
			);
			sourceTree = "<group>";
		};
		1B50649F2820EF85007D30BE /* Products */ = {
			isa = PBXGroup;
			children = (
				1B50649E2820EF85007D30BE /* goalApp.app */,
			);
			name = Products;
			sourceTree = "<group>";
		};
		1B5064A02820EF85007D30BE /* goalApp */ = {
			isa = PBXGroup;
			children = (
				1B8CE4DF2821333400925C14 /* forCustomTransition */,
				1B5064BB2820EFF0007D30BE /* Extensions */,
				1B5064BA2820EFE5007D30BE /* Enums */,
				1B5064B92820EFD5007D30BE /* Views */,
				1B5064B82820EFBA007D30BE /* Controllers */,
				1B5064A12820EF85007D30BE /* AppDelegate.swift */,
				1B5064A32820EF85007D30BE /* SceneDelegate.swift */,
				1B5064A72820EF85007D30BE /* Main.storyboard */,
				1B5064AD2820EF86007D30BE /* Assets.xcassets */,
				1B5064AF2820EF86007D30BE /* LaunchScreen.storyboard */,
				1B5064B22820EF86007D30BE /* Info.plist */,
				1B5064AA2820EF85007D30BE /* goalApp.xcdatamodeld */,
			);
			path = goalApp;
			sourceTree = "<group>";
		};
		1B5064B82820EFBA007D30BE /* Controllers */ = {
			isa = PBXGroup;
			children = (
				1B5064A52820EF85007D30BE /* GoalsVC.swift */,
				1B8CE4DB28212A9400925C14 /* CreateGoalVC.swift */,
			);
			path = Controllers;
			sourceTree = "<group>";
		};
		1B5064B92820EFD5007D30BE /* Views */ = {
			isa = PBXGroup;
			children = (
				1BC9C9A42820FFBA0007CC85 /* GoalCell.swift */,
			);
			path = Views;
			sourceTree = "<group>";
		};
		1B5064BA2820EFE5007D30BE /* Enums */ = {
			isa = PBXGroup;
			children = (
				1B8CE4D92821180400925C14 /* TypesOfGoals.swift */,
			);
			path = Enums;
			sourceTree = "<group>";
		};
		1B5064BB2820EFF0007D30BE /* Extensions */ = {
			isa = PBXGroup;
			children = (
				1B8CE4DD28212BDA00925C14 /* UIViewControllerExt.swift */,
			);
			path = Extensions;
			sourceTree = "<group>";
		};
		1B8CE4DF2821333400925C14 /* forCustomTransition */ = {
			isa = PBXGroup;
			children = (
				1B8CE4E02821336300925C14 /* PresentTransition.swift */,
				1B8CE4E22821339400925C14 /* DismissTransition.swift */,
			);
			path = forCustomTransition;
			sourceTree = "<group>";
		};
/* End PBXGroup section */

/* Begin PBXNativeTarget section */
		1B50649D2820EF85007D30BE /* goalApp */ = {
			isa = PBXNativeTarget;
			buildConfigurationList = 1B5064B52820EF86007D30BE /* Build configuration list for PBXNativeTarget "goalApp" */;
			buildPhases = (
				1B50649A2820EF85007D30BE /* Sources */,
				1B50649B2820EF85007D30BE /* Frameworks */,
				1B50649C2820EF85007D30BE /* Resources */,
			);
			buildRules = (
			);
			dependencies = (
			);
			name = goalApp;
			productName = goalApp;
			productReference = 1B50649E2820EF85007D30BE /* goalApp.app */;
			productType = "com.apple.product-type.application";
		};
/* End PBXNativeTarget section */

/* Begin PBXProject section */
		1B5064962820EF85007D30BE /* Project object */ = {
			isa = PBXProject;
			attributes = {
				BuildIndependentTargetsInParallel = 1;
				LastSwiftUpdateCheck = 1330;
				LastUpgradeCheck = 1330;
				TargetAttributes = {
					1B50649D2820EF85007D30BE = {
						CreatedOnToolsVersion = 13.3;
					};
				};
			};
			buildConfigurationList = 1B5064992820EF85007D30BE /* Build configuration list for PBXProject "goalApp" */;
			compatibilityVersion = "Xcode 13.0";
			developmentRegion = en;
			hasScannedForEncodings = 0;
			knownRegions = (
				en,
				Base,
			);
			mainGroup = 1B5064952820EF85007D30BE;
			productRefGroup = 1B50649F2820EF85007D30BE /* Products */;
			projectDirPath = "";
			projectRoot = "";
			targets = (
				1B50649D2820EF85007D30BE /* goalApp */,
			);
		};
/* End PBXProject section */

/* Begin PBXResourcesBuildPhase section */
		1B50649C2820EF85007D30BE /* Resources */ = {
			isa = PBXResourcesBuildPhase;
			buildActionMask = 2147483647;
			files = (
				1B5064B12820EF86007D30BE /* LaunchScreen.storyboard in Resources */,
				1B5064AE2820EF86007D30BE /* Assets.xcassets in Resources */,
				1B5064A92820EF85007D30BE /* Main.storyboard in Resources */,
			);
			runOnlyForDeploymentPostprocessing = 0;
		};
/* End PBXResourcesBuildPhase section */

/* Begin PBXSourcesBuildPhase section */
		1B50649A2820EF85007D30BE /* Sources */ = {
			isa = PBXSourcesBuildPhase;
			buildActionMask = 2147483647;
			files = (
				1B8CE4E12821336300925C14 /* PresentTransition.swift in Sources */,
				1B8CE4E32821339400925C14 /* DismissTransition.swift in Sources */,
				1B5064AC2820EF85007D30BE /* goalApp.xcdatamodeld in Sources */,
				1B8CE4DC28212A9400925C14 /* CreateGoalVC.swift in Sources */,
				1B8CE4DE28212BDA00925C14 /* UIViewControllerExt.swift in Sources */,
				1BC9C9A52820FFBA0007CC85 /* GoalCell.swift in Sources */,
				1B5064A62820EF85007D30BE /* GoalsVC.swift in Sources */,
				1B8CE4DA2821180400925C14 /* TypesOfGoals.swift in Sources */,
				1B5064A22820EF85007D30BE /* AppDelegate.swift in Sources */,
				1B5064A42820EF85007D30BE /* SceneDelegate.swift in Sources */,
			);
			runOnlyForDeploymentPostprocessing = 0;
		};
/* End PBXSourcesBuildPhase section */

/* Begin PBXVariantGroup section */
		1B5064A72820EF85007D30BE /* Main.storyboard */ = {
			isa = PBXVariantGroup;
			children = (
				1B5064A82820EF85007D30BE /* Base */,
			);
			name = Main.storyboard;
			sourceTree = "<group>";
		};
		1B5064AF2820EF86007D30BE /* LaunchScreen.storyboard */ = {
			isa = PBXVariantGroup;
			children = (
				1B5064B02820EF86007D30BE /* Base */,
			);
			name = LaunchScreen.storyboard;
			sourceTree = "<group>";
		};
/* End PBXVariantGroup section */

/* Begin XCBuildConfiguration section */
		1B5064B32820EF86007D30BE /* Debug */ = {
			isa = XCBuildConfiguration;
			buildSettings = {
				ALWAYS_SEARCH_USER_PATHS = NO;
				CLANG_ANALYZER_NONNULL = YES;
				CLANG_ANALYZER_NUMBER_OBJECT_CONVERSION = YES_AGGRESSIVE;
				CLANG_CXX_LANGUAGE_STANDARD = "gnu++17";
				CLANG_ENABLE_MODULES = YES;
				CLANG_ENABLE_OBJC_ARC = YES;
				CLANG_ENABLE_OBJC_WEAK = YES;
				CLANG_WARN_BLOCK_CAPTURE_AUTORELEASING = YES;
				CLANG_WARN_BOOL_CONVERSION = YES;
				CLANG_WARN_COMMA = YES;
				CLANG_WARN_CONSTANT_CONVERSION = YES;
				CLANG_WARN_DEPRECATED_OBJC_IMPLEMENTATIONS = YES;
				CLANG_WARN_DIRECT_OBJC_ISA_USAGE = YES_ERROR;
				CLANG_WARN_DOCUMENTATION_COMMENTS = YES;
				CLANG_WARN_EMPTY_BODY = YES;
				CLANG_WARN_ENUM_CONVERSION = YES;
				CLANG_WARN_INFINITE_RECURSION = YES;
				CLANG_WARN_INT_CONVERSION = YES;
				CLANG_WARN_NON_LITERAL_NULL_CONVERSION = YES;
				CLANG_WARN_OBJC_IMPLICIT_RETAIN_SELF = YES;
				CLANG_WARN_OBJC_LITERAL_CONVERSION = YES;
				CLANG_WARN_OBJC_ROOT_CLASS = YES_ERROR;
				CLANG_WARN_QUOTED_INCLUDE_IN_FRAMEWORK_HEADER = YES;
				CLANG_WARN_RANGE_LOOP_ANALYSIS = YES;
				CLANG_WARN_STRICT_PROTOTYPES = YES;
				CLANG_WARN_SUSPICIOUS_MOVE = YES;
				CLANG_WARN_UNGUARDED_AVAILABILITY = YES_AGGRESSIVE;
				CLANG_WARN_UNREACHABLE_CODE = YES;
				CLANG_WARN__DUPLICATE_METHOD_MATCH = YES;
				COPY_PHASE_STRIP = NO;
				DEBUG_INFORMATION_FORMAT = dwarf;
				ENABLE_STRICT_OBJC_MSGSEND = YES;
				ENABLE_TESTABILITY = YES;
				GCC_C_LANGUAGE_STANDARD = gnu11;
				GCC_DYNAMIC_NO_PIC = NO;
				GCC_NO_COMMON_BLOCKS = YES;
				GCC_OPTIMIZATION_LEVEL = 0;
				GCC_PREPROCESSOR_DEFINITIONS = (
					"DEBUG=1",
					"$(inherited)",
				);
				GCC_WARN_64_TO_32_BIT_CONVERSION = YES;
				GCC_WARN_ABOUT_RETURN_TYPE = YES_ERROR;
				GCC_WARN_UNDECLARED_SELECTOR = YES;
				GCC_WARN_UNINITIALIZED_AUTOS = YES_AGGRESSIVE;
				GCC_WARN_UNUSED_FUNCTION = YES;
				GCC_WARN_UNUSED_VARIABLE = YES;
				IPHONEOS_DEPLOYMENT_TARGET = 15.4;
				MTL_ENABLE_DEBUG_INFO = INCLUDE_SOURCE;
				MTL_FAST_MATH = YES;
				ONLY_ACTIVE_ARCH = YES;
				SDKROOT = iphoneos;
				SWIFT_ACTIVE_COMPILATION_CONDITIONS = DEBUG;
				SWIFT_OPTIMIZATION_LEVEL = "-Onone";
			};
			name = Debug;
		};
		1B5064B42820EF86007D30BE /* Release */ = {
			isa = XCBuildConfiguration;
			buildSettings = {
				ALWAYS_SEARCH_USER_PATHS = NO;
				CLANG_ANALYZER_NONNULL = YES;
				CLANG_ANALYZER_NUMBER_OBJECT_CONVERSION = YES_AGGRESSIVE;
				CLANG_CXX_LANGUAGE_STANDARD = "gnu++17";
				CLANG_ENABLE_MODULES = YES;
				CLANG_ENABLE_OBJC_ARC = YES;
				CLANG_ENABLE_OBJC_WEAK = YES;
				CLANG_WARN_BLOCK_CAPTURE_AUTORELEASING = YES;
				CLANG_WARN_BOOL_CONVERSION = YES;
				CLANG_WARN_COMMA = YES;
				CLANG_WARN_CONSTANT_CONVERSION = YES;
				CLANG_WARN_DEPRECATED_OBJC_IMPLEMENTATIONS = YES;
				CLANG_WARN_DIRECT_OBJC_ISA_USAGE = YES_ERROR;
				CLANG_WARN_DOCUMENTATION_COMMENTS = YES;
				CLANG_WARN_EMPTY_BODY = YES;
				CLANG_WARN_ENUM_CONVERSION = YES;
				CLANG_WARN_INFINITE_RECURSION = YES;
				CLANG_WARN_INT_CONVERSION = YES;
				CLANG_WARN_NON_LITERAL_NULL_CONVERSION = YES;
				CLANG_WARN_OBJC_IMPLICIT_RETAIN_SELF = YES;
				CLANG_WARN_OBJC_LITERAL_CONVERSION = YES;
				CLANG_WARN_OBJC_ROOT_CLASS = YES_ERROR;
				CLANG_WARN_QUOTED_INCLUDE_IN_FRAMEWORK_HEADER = YES;
				CLANG_WARN_RANGE_LOOP_ANALYSIS = YES;
				CLANG_WARN_STRICT_PROTOTYPES = YES;
				CLANG_WARN_SUSPICIOUS_MOVE = YES;
				CLANG_WARN_UNGUARDED_AVAILABILITY = YES_AGGRESSIVE;
				CLANG_WARN_UNREACHABLE_CODE = YES;
				CLANG_WARN__DUPLICATE_METHOD_MATCH = YES;
				COPY_PHASE_STRIP = NO;
				DEBUG_INFORMATION_FORMAT = "dwarf-with-dsym";
				ENABLE_NS_ASSERTIONS = NO;
				ENABLE_STRICT_OBJC_MSGSEND = YES;
				GCC_C_LANGUAGE_STANDARD = gnu11;
				GCC_NO_COMMON_BLOCKS = YES;
				GCC_WARN_64_TO_32_BIT_CONVERSION = YES;
				GCC_WARN_ABOUT_RETURN_TYPE = YES_ERROR;
				GCC_WARN_UNDECLARED_SELECTOR = YES;
				GCC_WARN_UNINITIALIZED_AUTOS = YES_AGGRESSIVE;
				GCC_WARN_UNUSED_FUNCTION = YES;
				GCC_WARN_UNUSED_VARIABLE = YES;
				IPHONEOS_DEPLOYMENT_TARGET = 15.4;
				MTL_ENABLE_DEBUG_INFO = NO;
				MTL_FAST_MATH = YES;
				SDKROOT = iphoneos;
				SWIFT_COMPILATION_MODE = wholemodule;
				SWIFT_OPTIMIZATION_LEVEL = "-O";
				VALIDATE_PRODUCT = YES;
			};
			name = Release;
		};
		1B5064B62820EF86007D30BE /* Debug */ = {
			isa = XCBuildConfiguration;
			buildSettings = {
				ASSETCATALOG_COMPILER_APPICON_NAME = AppIcon;
				ASSETCATALOG_COMPILER_GLOBAL_ACCENT_COLOR_NAME = AccentColor;
				CODE_SIGN_STYLE = Automatic;
				CURRENT_PROJECT_VERSION = 1;
				DEVELOPMENT_TEAM = 8M5L73RX22;
				GENERATE_INFOPLIST_FILE = YES;
				INFOPLIST_FILE = goalApp/Info.plist;
				INFOPLIST_KEY_UIApplicationSupportsIndirectInputEvents = YES;
				INFOPLIST_KEY_UILaunchStoryboardName = LaunchScreen;
				INFOPLIST_KEY_UIMainStoryboardFile = Main;
				INFOPLIST_KEY_UISupportedInterfaceOrientations_iPad = "UIInterfaceOrientationPortrait UIInterfaceOrientationPortraitUpsideDown UIInterfaceOrientationLandscapeLeft UIInterfaceOrientationLandscapeRight";
				INFOPLIST_KEY_UISupportedInterfaceOrientations_iPhone = "UIInterfaceOrientationPortrait UIInterfaceOrientationLandscapeLeft UIInterfaceOrientationLandscapeRight";
				LD_RUNPATH_SEARCH_PATHS = (
					"$(inherited)",
					"@executable_path/Frameworks",
				);
				MARKETING_VERSION = 1.0;
				PRODUCT_BUNDLE_IDENTIFIER = sad.goalApp;
				PRODUCT_NAME = "$(TARGET_NAME)";
				SWIFT_EMIT_LOC_STRINGS = YES;
				SWIFT_VERSION = 5.0;
				TARGETED_DEVICE_FAMILY = "1,2";
			};
			name = Debug;
		};
		1B5064B72820EF86007D30BE /* Release */ = {
			isa = XCBuildConfiguration;
			buildSettings = {
				ASSETCATALOG_COMPILER_APPICON_NAME = AppIcon;
				ASSETCATALOG_COMPILER_GLOBAL_ACCENT_COLOR_NAME = AccentColor;
				CODE_SIGN_STYLE = Automatic;
				CURRENT_PROJECT_VERSION = 1;
				DEVELOPMENT_TEAM = 8M5L73RX22;
				GENERATE_INFOPLIST_FILE = YES;
				INFOPLIST_FILE = goalApp/Info.plist;
				INFOPLIST_KEY_UIApplicationSupportsIndirectInputEvents = YES;
				INFOPLIST_KEY_UILaunchStoryboardName = LaunchScreen;
				INFOPLIST_KEY_UIMainStoryboardFile = Main;
				INFOPLIST_KEY_UISupportedInterfaceOrientations_iPad = "UIInterfaceOrientationPortrait UIInterfaceOrientationPortraitUpsideDown UIInterfaceOrientationLandscapeLeft UIInterfaceOrientationLandscapeRight";
				INFOPLIST_KEY_UISupportedInterfaceOrientations_iPhone = "UIInterfaceOrientationPortrait UIInterfaceOrientationLandscapeLeft UIInterfaceOrientationLandscapeRight";
				LD_RUNPATH_SEARCH_PATHS = (
					"$(inherited)",
					"@executable_path/Frameworks",
				);
				MARKETING_VERSION = 1.0;
				PRODUCT_BUNDLE_IDENTIFIER = sad.goalApp;
				PRODUCT_NAME = "$(TARGET_NAME)";
				SWIFT_EMIT_LOC_STRINGS = YES;
				SWIFT_VERSION = 5.0;
				TARGETED_DEVICE_FAMILY = "1,2";
			};
			name = Release;
		};
/* End XCBuildConfiguration section */

/* Begin XCConfigurationList section */
		1B5064992820EF85007D30BE /* Build configuration list for PBXProject "goalApp" */ = {
			isa = XCConfigurationList;
			buildConfigurations = (
				1B5064B32820EF86007D30BE /* Debug */,
				1B5064B42820EF86007D30BE /* Release */,
			);
			defaultConfigurationIsVisible = 0;
			defaultConfigurationName = Release;
		};
		1B5064B52820EF86007D30BE /* Build configuration list for PBXNativeTarget "goalApp" */ = {
			isa = XCConfigurationList;
			buildConfigurations = (
				1B5064B62820EF86007D30BE /* Debug */,
				1B5064B72820EF86007D30BE /* Release */,
			);
			defaultConfigurationIsVisible = 0;
			defaultConfigurationName = Release;
		};
/* End XCConfigurationList section */

/* Begin XCVersionGroup section */
		1B5064AA2820EF85007D30BE /* goalApp.xcdatamodeld */ = {
			isa = XCVersionGroup;
			children = (
				1B5064AB2820EF85007D30BE /* goalApp.xcdatamodel */,
			);
			currentVersion = 1B5064AB2820EF85007D30BE /* goalApp.xcdatamodel */;
			path = goalApp.xcdatamodeld;
			sourceTree = "<group>";
			versionGroupType = wrapper.xcdatamodel;
		};
/* End XCVersionGroup section */
	};
	rootObject = 1B5064962820EF85007D30BE /* Project object */;
}
