// !$*UTF8*$!
{
	archiveVersion = 1;
	classes = {
	};
	objectVersion = 55;
	objects = {

/* Begin PBXBuildFile section */
		1BF9BBAB2819225D00E751DE /* AppDelegate.swift in Sources */ = {isa = PBXBuildFile; fileRef = 1BF9BBAA2819225D00E751DE /* AppDelegate.swift */; };
		1BF9BBAD2819225D00E751DE /* SceneDelegate.swift in Sources */ = {isa = PBXBuildFile; fileRef = 1BF9BBAC2819225D00E751DE /* SceneDelegate.swift */; };
		1BF9BBAF2819225D00E751DE /* CategoriesVC.swift in Sources */ = {isa = PBXBuildFile; fileRef = 1BF9BBAE2819225D00E751DE /* CategoriesVC.swift */; };
		1BF9BBB22819225D00E751DE /* Main.storyboard in Resources */ = {isa = PBXBuildFile; fileRef = 1BF9BBB02819225D00E751DE /* Main.storyboard */; };
		1BF9BBB42819225F00E751DE /* Assets.xcassets in Resources */ = {isa = PBXBuildFile; fileRef = 1BF9BBB32819225F00E751DE /* Assets.xcassets */; };
		1BF9BBB72819225F00E751DE /* LaunchScreen.storyboard in Resources */ = {isa = PBXBuildFile; fileRef = 1BF9BBB52819225F00E751DE /* LaunchScreen.storyboard */; };
		1BF9BBC22819225F00E751DE /* storeSwagTests.swift in Sources */ = {isa = PBXBuildFile; fileRef = 1BF9BBC12819225F00E751DE /* storeSwagTests.swift */; };
		1BF9BBCC2819226000E751DE /* storeSwagUITests.swift in Sources */ = {isa = PBXBuildFile; fileRef = 1BF9BBCB2819226000E751DE /* storeSwagUITests.swift */; };
		1BF9BBCE2819226000E751DE /* storeSwagUITestsLaunchTests.swift in Sources */ = {isa = PBXBuildFile; fileRef = 1BF9BBCD2819226000E751DE /* storeSwagUITestsLaunchTests.swift */; };
		1BF9BBDE2819284200E751DE /* CategoryCell.swift in Sources */ = {isa = PBXBuildFile; fileRef = 1BF9BBDD2819284200E751DE /* CategoryCell.swift */; };
		1BF9BBE02819ABCC00E751DE /* Category.swift in Sources */ = {isa = PBXBuildFile; fileRef = 1BF9BBDF2819ABCC00E751DE /* Category.swift */; };
		1BF9BBE32819AD4800E751DE /* DataService.swift in Sources */ = {isa = PBXBuildFile; fileRef = 1BF9BBE22819AD4800E751DE /* DataService.swift */; };
/* End PBXBuildFile section */

/* Begin PBXContainerItemProxy section */
		1BF9BBBE2819225F00E751DE /* PBXContainerItemProxy */ = {
			isa = PBXContainerItemProxy;
			containerPortal = 1BF9BB9F2819225D00E751DE /* Project object */;
			proxyType = 1;
			remoteGlobalIDString = 1BF9BBA62819225D00E751DE;
			remoteInfo = storeSwag;
		};
		1BF9BBC82819226000E751DE /* PBXContainerItemProxy */ = {
			isa = PBXContainerItemProxy;
			containerPortal = 1BF9BB9F2819225D00E751DE /* Project object */;
			proxyType = 1;
			remoteGlobalIDString = 1BF9BBA62819225D00E751DE;
			remoteInfo = storeSwag;
		};
/* End PBXContainerItemProxy section */

/* Begin PBXFileReference section */
		1BF9BBA72819225D00E751DE /* storeSwag.app */ = {isa = PBXFileReference; explicitFileType = wrapper.application; includeInIndex = 0; path = storeSwag.app; sourceTree = BUILT_PRODUCTS_DIR; };
		1BF9BBAA2819225D00E751DE /* AppDelegate.swift */ = {isa = PBXFileReference; lastKnownFileType = sourcecode.swift; path = AppDelegate.swift; sourceTree = "<group>"; };
		1BF9BBAC2819225D00E751DE /* SceneDelegate.swift */ = {isa = PBXFileReference; lastKnownFileType = sourcecode.swift; path = SceneDelegate.swift; sourceTree = "<group>"; };
		1BF9BBAE2819225D00E751DE /* CategoriesVC.swift */ = {isa = PBXFileReference; lastKnownFileType = sourcecode.swift; path = CategoriesVC.swift; sourceTree = "<group>"; };
		1BF9BBB12819225D00E751DE /* Base */ = {isa = PBXFileReference; lastKnownFileType = file.storyboard; name = Base; path = Base.lproj/Main.storyboard; sourceTree = "<group>"; };
		1BF9BBB32819225F00E751DE /* Assets.xcassets */ = {isa = PBXFileReference; lastKnownFileType = folder.assetcatalog; path = Assets.xcassets; sourceTree = "<group>"; };
		1BF9BBB62819225F00E751DE /* Base */ = {isa = PBXFileReference; lastKnownFileType = file.storyboard; name = Base; path = Base.lproj/LaunchScreen.storyboard; sourceTree = "<group>"; };
		1BF9BBB82819225F00E751DE /* Info.plist */ = {isa = PBXFileReference; lastKnownFileType = text.plist.xml; path = Info.plist; sourceTree = "<group>"; };
		1BF9BBBD2819225F00E751DE /* storeSwagTests.xctest */ = {isa = PBXFileReference; explicitFileType = wrapper.cfbundle; includeInIndex = 0; path = storeSwagTests.xctest; sourceTree = BUILT_PRODUCTS_DIR; };
		1BF9BBC12819225F00E751DE /* storeSwagTests.swift */ = {isa = PBXFileReference; lastKnownFileType = sourcecode.swift; path = storeSwagTests.swift; sourceTree = "<group>"; };
		1BF9BBC72819226000E751DE /* storeSwagUITests.xctest */ = {isa = PBXFileReference; explicitFileType = wrapper.cfbundle; includeInIndex = 0; path = storeSwagUITests.xctest; sourceTree = BUILT_PRODUCTS_DIR; };
		1BF9BBCB2819226000E751DE /* storeSwagUITests.swift */ = {isa = PBXFileReference; lastKnownFileType = sourcecode.swift; path = storeSwagUITests.swift; sourceTree = "<group>"; };
		1BF9BBCD2819226000E751DE /* storeSwagUITestsLaunchTests.swift */ = {isa = PBXFileReference; lastKnownFileType = sourcecode.swift; path = storeSwagUITestsLaunchTests.swift; sourceTree = "<group>"; };
		1BF9BBDD2819284200E751DE /* CategoryCell.swift */ = {isa = PBXFileReference; lastKnownFileType = sourcecode.swift; path = CategoryCell.swift; sourceTree = "<group>"; };
		1BF9BBDF2819ABCC00E751DE /* Category.swift */ = {isa = PBXFileReference; lastKnownFileType = sourcecode.swift; path = Category.swift; sourceTree = "<group>"; };
		1BF9BBE22819AD4800E751DE /* DataService.swift */ = {isa = PBXFileReference; lastKnownFileType = sourcecode.swift; path = DataService.swift; sourceTree = "<group>"; };
/* End PBXFileReference section */

/* Begin PBXFrameworksBuildPhase section */
		1BF9BBA42819225D00E751DE /* Frameworks */ = {
			isa = PBXFrameworksBuildPhase;
			buildActionMask = 2147483647;
			files = (
			);
			runOnlyForDeploymentPostprocessing = 0;
		};
		1BF9BBBA2819225F00E751DE /* Frameworks */ = {
			isa = PBXFrameworksBuildPhase;
			buildActionMask = 2147483647;
			files = (
			);
			runOnlyForDeploymentPostprocessing = 0;
		};
		1BF9BBC42819226000E751DE /* Frameworks */ = {
			isa = PBXFrameworksBuildPhase;
			buildActionMask = 2147483647;
			files = (
			);
			runOnlyForDeploymentPostprocessing = 0;
		};
/* End PBXFrameworksBuildPhase section */

/* Begin PBXGroup section */
		1BF9BB9E2819225D00E751DE = {
			isa = PBXGroup;
			children = (
				1BF9BBA92819225D00E751DE /* storeSwag */,
				1BF9BBC02819225F00E751DE /* storeSwagTests */,
				1BF9BBCA2819226000E751DE /* storeSwagUITests */,
				1BF9BBA82819225D00E751DE /* Products */,
			);
			sourceTree = "<group>";
		};
		1BF9BBA82819225D00E751DE /* Products */ = {
			isa = PBXGroup;
			children = (
				1BF9BBA72819225D00E751DE /* storeSwag.app */,
				1BF9BBBD2819225F00E751DE /* storeSwagTests.xctest */,
				1BF9BBC72819226000E751DE /* storeSwagUITests.xctest */,
			);
			name = Products;
			sourceTree = "<group>";
		};
		1BF9BBA92819225D00E751DE /* storeSwag */ = {
			isa = PBXGroup;
			children = (
				1BF9BBE12819AD3C00E751DE /* Services */,
				1BF9BBDC281927D000E751DE /* Views */,
				1BF9BBDB281927C700E751DE /* Model */,
				1BF9BBDA281927BE00E751DE /* Controller */,
				1BF9BBAA2819225D00E751DE /* AppDelegate.swift */,
				1BF9BBAC2819225D00E751DE /* SceneDelegate.swift */,
				1BF9BBB02819225D00E751DE /* Main.storyboard */,
				1BF9BBB32819225F00E751DE /* Assets.xcassets */,
				1BF9BBB52819225F00E751DE /* LaunchScreen.storyboard */,
				1BF9BBB82819225F00E751DE /* Info.plist */,
			);
			path = storeSwag;
			sourceTree = "<group>";
		};
		1BF9BBC02819225F00E751DE /* storeSwagTests */ = {
			isa = PBXGroup;
			children = (
				1BF9BBC12819225F00E751DE /* storeSwagTests.swift */,
			);
			path = storeSwagTests;
			sourceTree = "<group>";
		};
		1BF9BBCA2819226000E751DE /* storeSwagUITests */ = {
			isa = PBXGroup;
			children = (
				1BF9BBCB2819226000E751DE /* storeSwagUITests.swift */,
				1BF9BBCD2819226000E751DE /* storeSwagUITestsLaunchTests.swift */,
			);
			path = storeSwagUITests;
			sourceTree = "<group>";
		};
		1BF9BBDA281927BE00E751DE /* Controller */ = {
			isa = PBXGroup;
			children = (
				1BF9BBAE2819225D00E751DE /* CategoriesVC.swift */,
			);
			path = Controller;
			sourceTree = "<group>";
		};
		1BF9BBDB281927C700E751DE /* Model */ = {
			isa = PBXGroup;
			children = (
				1BF9BBDF2819ABCC00E751DE /* Category.swift */,
			);
			path = Model;
			sourceTree = "<group>";
		};
		1BF9BBDC281927D000E751DE /* Views */ = {
			isa = PBXGroup;
			children = (
				1BF9BBDD2819284200E751DE /* CategoryCell.swift */,
			);
			path = Views;
			sourceTree = "<group>";
		};
		1BF9BBE12819AD3C00E751DE /* Services */ = {
			isa = PBXGroup;
			children = (
				1BF9BBE22819AD4800E751DE /* DataService.swift */,
			);
			path = Services;
			sourceTree = "<group>";
		};
/* End PBXGroup section */

/* Begin PBXNativeTarget section */
		1BF9BBA62819225D00E751DE /* storeSwag */ = {
			isa = PBXNativeTarget;
			buildConfigurationList = 1BF9BBD12819226000E751DE /* Build configuration list for PBXNativeTarget "storeSwag" */;
			buildPhases = (
				1BF9BBA32819225D00E751DE /* Sources */,
				1BF9BBA42819225D00E751DE /* Frameworks */,
				1BF9BBA52819225D00E751DE /* Resources */,
			);
			buildRules = (
			);
			dependencies = (
			);
			name = storeSwag;
			productName = storeSwag;
			productReference = 1BF9BBA72819225D00E751DE /* storeSwag.app */;
			productType = "com.apple.product-type.application";
		};
		1BF9BBBC2819225F00E751DE /* storeSwagTests */ = {
			isa = PBXNativeTarget;
			buildConfigurationList = 1BF9BBD42819226000E751DE /* Build configuration list for PBXNativeTarget "storeSwagTests" */;
			buildPhases = (
				1BF9BBB92819225F00E751DE /* Sources */,
				1BF9BBBA2819225F00E751DE /* Frameworks */,
				1BF9BBBB2819225F00E751DE /* Resources */,
			);
			buildRules = (
			);
			dependencies = (
				1BF9BBBF2819225F00E751DE /* PBXTargetDependency */,
			);
			name = storeSwagTests;
			productName = storeSwagTests;
			productReference = 1BF9BBBD2819225F00E751DE /* storeSwagTests.xctest */;
			productType = "com.apple.product-type.bundle.unit-test";
		};
		1BF9BBC62819226000E751DE /* storeSwagUITests */ = {
			isa = PBXNativeTarget;
			buildConfigurationList = 1BF9BBD72819226000E751DE /* Build configuration list for PBXNativeTarget "storeSwagUITests" */;
			buildPhases = (
				1BF9BBC32819226000E751DE /* Sources */,
				1BF9BBC42819226000E751DE /* Frameworks */,
				1BF9BBC52819226000E751DE /* Resources */,
			);
			buildRules = (
			);
			dependencies = (
				1BF9BBC92819226000E751DE /* PBXTargetDependency */,
			);
			name = storeSwagUITests;
			productName = storeSwagUITests;
			productReference = 1BF9BBC72819226000E751DE /* storeSwagUITests.xctest */;
			productType = "com.apple.product-type.bundle.ui-testing";
		};
/* End PBXNativeTarget section */

/* Begin PBXProject section */
		1BF9BB9F2819225D00E751DE /* Project object */ = {
			isa = PBXProject;
			attributes = {
				BuildIndependentTargetsInParallel = 1;
				LastSwiftUpdateCheck = 1330;
				LastUpgradeCheck = 1330;
				TargetAttributes = {
					1BF9BBA62819225D00E751DE = {
						CreatedOnToolsVersion = 13.3;
					};
					1BF9BBBC2819225F00E751DE = {
						CreatedOnToolsVersion = 13.3;
						TestTargetID = 1BF9BBA62819225D00E751DE;
					};
					1BF9BBC62819226000E751DE = {
						CreatedOnToolsVersion = 13.3;
						TestTargetID = 1BF9BBA62819225D00E751DE;
					};
				};
			};
			buildConfigurationList = 1BF9BBA22819225D00E751DE /* Build configuration list for PBXProject "storeSwag" */;
			compatibilityVersion = "Xcode 13.0";
			developmentRegion = en;
			hasScannedForEncodings = 0;
			knownRegions = (
				en,
				Base,
			);
			mainGroup = 1BF9BB9E2819225D00E751DE;
			productRefGroup = 1BF9BBA82819225D00E751DE /* Products */;
			projectDirPath = "";
			projectRoot = "";
			targets = (
				1BF9BBA62819225D00E751DE /* storeSwag */,
				1BF9BBBC2819225F00E751DE /* storeSwagTests */,
				1BF9BBC62819226000E751DE /* storeSwagUITests */,
			);
		};
/* End PBXProject section */

/* Begin PBXResourcesBuildPhase section */
		1BF9BBA52819225D00E751DE /* Resources */ = {
			isa = PBXResourcesBuildPhase;
			buildActionMask = 2147483647;
			files = (
				1BF9BBB72819225F00E751DE /* LaunchScreen.storyboard in Resources */,
				1BF9BBB42819225F00E751DE /* Assets.xcassets in Resources */,
				1BF9BBB22819225D00E751DE /* Main.storyboard in Resources */,
			);
			runOnlyForDeploymentPostprocessing = 0;
		};
		1BF9BBBB2819225F00E751DE /* Resources */ = {
			isa = PBXResourcesBuildPhase;
			buildActionMask = 2147483647;
			files = (
			);
			runOnlyForDeploymentPostprocessing = 0;
		};
		1BF9BBC52819226000E751DE /* Resources */ = {
			isa = PBXResourcesBuildPhase;
			buildActionMask = 2147483647;
			files = (
			);
			runOnlyForDeploymentPostprocessing = 0;
		};
/* End PBXResourcesBuildPhase section */

/* Begin PBXSourcesBuildPhase section */
		1BF9BBA32819225D00E751DE /* Sources */ = {
			isa = PBXSourcesBuildPhase;
			buildActionMask = 2147483647;
			files = (
				1BF9BBAF2819225D00E751DE /* CategoriesVC.swift in Sources */,
				1BF9BBE02819ABCC00E751DE /* Category.swift in Sources */,
				1BF9BBAB2819225D00E751DE /* AppDelegate.swift in Sources */,
				1BF9BBE32819AD4800E751DE /* DataService.swift in Sources */,
				1BF9BBAD2819225D00E751DE /* SceneDelegate.swift in Sources */,
				1BF9BBDE2819284200E751DE /* CategoryCell.swift in Sources */,
			);
			runOnlyForDeploymentPostprocessing = 0;
		};
		1BF9BBB92819225F00E751DE /* Sources */ = {
			isa = PBXSourcesBuildPhase;
			buildActionMask = 2147483647;
			files = (
				1BF9BBC22819225F00E751DE /* storeSwagTests.swift in Sources */,
			);
			runOnlyForDeploymentPostprocessing = 0;
		};
		1BF9BBC32819226000E751DE /* Sources */ = {
			isa = PBXSourcesBuildPhase;
			buildActionMask = 2147483647;
			files = (
				1BF9BBCE2819226000E751DE /* storeSwagUITestsLaunchTests.swift in Sources */,
				1BF9BBCC2819226000E751DE /* storeSwagUITests.swift in Sources */,
			);
			runOnlyForDeploymentPostprocessing = 0;
		};
/* End PBXSourcesBuildPhase section */

/* Begin PBXTargetDependency section */
		1BF9BBBF2819225F00E751DE /* PBXTargetDependency */ = {
			isa = PBXTargetDependency;
			target = 1BF9BBA62819225D00E751DE /* storeSwag */;
			targetProxy = 1BF9BBBE2819225F00E751DE /* PBXContainerItemProxy */;
		};
		1BF9BBC92819226000E751DE /* PBXTargetDependency */ = {
			isa = PBXTargetDependency;
			target = 1BF9BBA62819225D00E751DE /* storeSwag */;
			targetProxy = 1BF9BBC82819226000E751DE /* PBXContainerItemProxy */;
		};
/* End PBXTargetDependency section */

/* Begin PBXVariantGroup section */
		1BF9BBB02819225D00E751DE /* Main.storyboard */ = {
			isa = PBXVariantGroup;
			children = (
				1BF9BBB12819225D00E751DE /* Base */,
			);
			name = Main.storyboard;
			sourceTree = "<group>";
		};
		1BF9BBB52819225F00E751DE /* LaunchScreen.storyboard */ = {
			isa = PBXVariantGroup;
			children = (
				1BF9BBB62819225F00E751DE /* Base */,
			);
			name = LaunchScreen.storyboard;
			sourceTree = "<group>";
		};
/* End PBXVariantGroup section */

/* Begin XCBuildConfiguration section */
		1BF9BBCF2819226000E751DE /* Debug */ = {
			isa = XCBuildConfiguration;
			buildSettings = {
				ALWAYS_SEARCH_USER_PATHS = NO;
				CLANG_ANALYZER_NONNULL = YES;
				CLANG_ANALYZER_NUMBER_OBJECT_CONVERSION = YES_AGGRESSIVE;
				CLANG_CXX_LANGUAGE_STANDARD = "gnu++17";
				CLANG_ENABLE_MODULES = YES;
				CLANG_ENABLE_OBJC_ARC = YES;
				CLANG_ENABLE_OBJC_WEAK = YES;
				CLANG_WARN_BLOCK_CAPTURE_AUTORELEASING = YES;
				CLANG_WARN_BOOL_CONVERSION = YES;
				CLANG_WARN_COMMA = YES;
				CLANG_WARN_CONSTANT_CONVERSION = YES;
				CLANG_WARN_DEPRECATED_OBJC_IMPLEMENTATIONS = YES;
				CLANG_WARN_DIRECT_OBJC_ISA_USAGE = YES_ERROR;
				CLANG_WARN_DOCUMENTATION_COMMENTS = YES;
				CLANG_WARN_EMPTY_BODY = YES;
				CLANG_WARN_ENUM_CONVERSION = YES;
				CLANG_WARN_INFINITE_RECURSION = YES;
				CLANG_WARN_INT_CONVERSION = YES;
				CLANG_WARN_NON_LITERAL_NULL_CONVERSION = YES;
				CLANG_WARN_OBJC_IMPLICIT_RETAIN_SELF = YES;
				CLANG_WARN_OBJC_LITERAL_CONVERSION = YES;
				CLANG_WARN_OBJC_ROOT_CLASS = YES_ERROR;
				CLANG_WARN_QUOTED_INCLUDE_IN_FRAMEWORK_HEADER = YES;
				CLANG_WARN_RANGE_LOOP_ANALYSIS = YES;
				CLANG_WARN_STRICT_PROTOTYPES = YES;
				CLANG_WARN_SUSPICIOUS_MOVE = YES;
				CLANG_WARN_UNGUARDED_AVAILABILITY = YES_AGGRESSIVE;
				CLANG_WARN_UNREACHABLE_CODE = YES;
				CLANG_WARN__DUPLICATE_METHOD_MATCH = YES;
				COPY_PHASE_STRIP = NO;
				DEBUG_INFORMATION_FORMAT = dwarf;
				ENABLE_STRICT_OBJC_MSGSEND = YES;
				ENABLE_TESTABILITY = YES;
				GCC_C_LANGUAGE_STANDARD = gnu11;
				GCC_DYNAMIC_NO_PIC = NO;
				GCC_NO_COMMON_BLOCKS = YES;
				GCC_OPTIMIZATION_LEVEL = 0;
				GCC_PREPROCESSOR_DEFINITIONS = (
					"DEBUG=1",
					"$(inherited)",
				);
				GCC_WARN_64_TO_32_BIT_CONVERSION = YES;
				GCC_WARN_ABOUT_RETURN_TYPE = YES_ERROR;
				GCC_WARN_UNDECLARED_SELECTOR = YES;
				GCC_WARN_UNINITIALIZED_AUTOS = YES_AGGRESSIVE;
				GCC_WARN_UNUSED_FUNCTION = YES;
				GCC_WARN_UNUSED_VARIABLE = YES;
				IPHONEOS_DEPLOYMENT_TARGET = 15.4;
				MTL_ENABLE_DEBUG_INFO = INCLUDE_SOURCE;
				MTL_FAST_MATH = YES;
				ONLY_ACTIVE_ARCH = YES;
				SDKROOT = iphoneos;
				SWIFT_ACTIVE_COMPILATION_CONDITIONS = DEBUG;
				SWIFT_OPTIMIZATION_LEVEL = "-Onone";
			};
			name = Debug;
		};
		1BF9BBD02819226000E751DE /* Release */ = {
			isa = XCBuildConfiguration;
			buildSettings = {
				ALWAYS_SEARCH_USER_PATHS = NO;
				CLANG_ANALYZER_NONNULL = YES;
				CLANG_ANALYZER_NUMBER_OBJECT_CONVERSION = YES_AGGRESSIVE;
				CLANG_CXX_LANGUAGE_STANDARD = "gnu++17";
				CLANG_ENABLE_MODULES = YES;
				CLANG_ENABLE_OBJC_ARC = YES;
				CLANG_ENABLE_OBJC_WEAK = YES;
				CLANG_WARN_BLOCK_CAPTURE_AUTORELEASING = YES;
				CLANG_WARN_BOOL_CONVERSION = YES;
				CLANG_WARN_COMMA = YES;
				CLANG_WARN_CONSTANT_CONVERSION = YES;
				CLANG_WARN_DEPRECATED_OBJC_IMPLEMENTATIONS = YES;
				CLANG_WARN_DIRECT_OBJC_ISA_USAGE = YES_ERROR;
				CLANG_WARN_DOCUMENTATION_COMMENTS = YES;
				CLANG_WARN_EMPTY_BODY = YES;
				CLANG_WARN_ENUM_CONVERSION = YES;
				CLANG_WARN_INFINITE_RECURSION = YES;
				CLANG_WARN_INT_CONVERSION = YES;
				CLANG_WARN_NON_LITERAL_NULL_CONVERSION = YES;
				CLANG_WARN_OBJC_IMPLICIT_RETAIN_SELF = YES;
				CLANG_WARN_OBJC_LITERAL_CONVERSION = YES;
				CLANG_WARN_OBJC_ROOT_CLASS = YES_ERROR;
				CLANG_WARN_QUOTED_INCLUDE_IN_FRAMEWORK_HEADER = YES;
				CLANG_WARN_RANGE_LOOP_ANALYSIS = YES;
				CLANG_WARN_STRICT_PROTOTYPES = YES;
				CLANG_WARN_SUSPICIOUS_MOVE = YES;
				CLANG_WARN_UNGUARDED_AVAILABILITY = YES_AGGRESSIVE;
				CLANG_WARN_UNREACHABLE_CODE = YES;
				CLANG_WARN__DUPLICATE_METHOD_MATCH = YES;
				COPY_PHASE_STRIP = NO;
				DEBUG_INFORMATION_FORMAT = "dwarf-with-dsym";
				ENABLE_NS_ASSERTIONS = NO;
				ENABLE_STRICT_OBJC_MSGSEND = YES;
				GCC_C_LANGUAGE_STANDARD = gnu11;
				GCC_NO_COMMON_BLOCKS = YES;
				GCC_WARN_64_TO_32_BIT_CONVERSION = YES;
				GCC_WARN_ABOUT_RETURN_TYPE = YES_ERROR;
				GCC_WARN_UNDECLARED_SELECTOR = YES;
				GCC_WARN_UNINITIALIZED_AUTOS = YES_AGGRESSIVE;
				GCC_WARN_UNUSED_FUNCTION = YES;
				GCC_WARN_UNUSED_VARIABLE = YES;
				IPHONEOS_DEPLOYMENT_TARGET = 15.4;
				MTL_ENABLE_DEBUG_INFO = NO;
				MTL_FAST_MATH = YES;
				SDKROOT = iphoneos;
				SWIFT_COMPILATION_MODE = wholemodule;
				SWIFT_OPTIMIZATION_LEVEL = "-O";
				VALIDATE_PRODUCT = YES;
			};
			name = Release;
		};
		1BF9BBD22819226000E751DE /* Debug */ = {
			isa = XCBuildConfiguration;
			buildSettings = {
				ASSETCATALOG_COMPILER_APPICON_NAME = AppIcon;
				ASSETCATALOG_COMPILER_GLOBAL_ACCENT_COLOR_NAME = AccentColor;
				CODE_SIGN_STYLE = Automatic;
				CURRENT_PROJECT_VERSION = 1;
				DEVELOPMENT_TEAM = 8M5L73RX22;
				GENERATE_INFOPLIST_FILE = YES;
				INFOPLIST_FILE = storeSwag/Info.plist;
				INFOPLIST_KEY_UIApplicationSupportsIndirectInputEvents = YES;
				INFOPLIST_KEY_UILaunchStoryboardName = LaunchScreen;
				INFOPLIST_KEY_UIMainStoryboardFile = Main;
				INFOPLIST_KEY_UISupportedInterfaceOrientations_iPad = "UIInterfaceOrientationPortrait UIInterfaceOrientationPortraitUpsideDown UIInterfaceOrientationLandscapeLeft UIInterfaceOrientationLandscapeRight";
				INFOPLIST_KEY_UISupportedInterfaceOrientations_iPhone = "UIInterfaceOrientationPortrait UIInterfaceOrientationLandscapeLeft UIInterfaceOrientationLandscapeRight";
				LD_RUNPATH_SEARCH_PATHS = (
					"$(inherited)",
					"@executable_path/Frameworks",
				);
				MARKETING_VERSION = 1.0;
				PRODUCT_BUNDLE_IDENTIFIER = sad.storeSwag;
				PRODUCT_NAME = "$(TARGET_NAME)";
				SWIFT_EMIT_LOC_STRINGS = YES;
				SWIFT_VERSION = 5.0;
				TARGETED_DEVICE_FAMILY = "1,2";
			};
			name = Debug;
		};
		1BF9BBD32819226000E751DE /* Release */ = {
			isa = XCBuildConfiguration;
			buildSettings = {
				ASSETCATALOG_COMPILER_APPICON_NAME = AppIcon;
				ASSETCATALOG_COMPILER_GLOBAL_ACCENT_COLOR_NAME = AccentColor;
				CODE_SIGN_STYLE = Automatic;
				CURRENT_PROJECT_VERSION = 1;
				DEVELOPMENT_TEAM = 8M5L73RX22;
				GENERATE_INFOPLIST_FILE = YES;
				INFOPLIST_FILE = storeSwag/Info.plist;
				INFOPLIST_KEY_UIApplicationSupportsIndirectInputEvents = YES;
				INFOPLIST_KEY_UILaunchStoryboardName = LaunchScreen;
				INFOPLIST_KEY_UIMainStoryboardFile = Main;
				INFOPLIST_KEY_UISupportedInterfaceOrientations_iPad = "UIInterfaceOrientationPortrait UIInterfaceOrientationPortraitUpsideDown UIInterfaceOrientationLandscapeLeft UIInterfaceOrientationLandscapeRight";
				INFOPLIST_KEY_UISupportedInterfaceOrientations_iPhone = "UIInterfaceOrientationPortrait UIInterfaceOrientationLandscapeLeft UIInterfaceOrientationLandscapeRight";
				LD_RUNPATH_SEARCH_PATHS = (
					"$(inherited)",
					"@executable_path/Frameworks",
				);
				MARKETING_VERSION = 1.0;
				PRODUCT_BUNDLE_IDENTIFIER = sad.storeSwag;
				PRODUCT_NAME = "$(TARGET_NAME)";
				SWIFT_EMIT_LOC_STRINGS = YES;
				SWIFT_VERSION = 5.0;
				TARGETED_DEVICE_FAMILY = "1,2";
			};
			name = Release;
		};
		1BF9BBD52819226000E751DE /* Debug */ = {
			isa = XCBuildConfiguration;
			buildSettings = {
				ALWAYS_EMBED_SWIFT_STANDARD_LIBRARIES = YES;
				BUNDLE_LOADER = "$(TEST_HOST)";
				CODE_SIGN_STYLE = Automatic;
				CURRENT_PROJECT_VERSION = 1;
				DEVELOPMENT_TEAM = 8M5L73RX22;
				GENERATE_INFOPLIST_FILE = YES;
				IPHONEOS_DEPLOYMENT_TARGET = 15.4;
				MARKETING_VERSION = 1.0;
				PRODUCT_BUNDLE_IDENTIFIER = sad.storeSwagTests;
				PRODUCT_NAME = "$(TARGET_NAME)";
				SWIFT_EMIT_LOC_STRINGS = NO;
				SWIFT_VERSION = 5.0;
				TARGETED_DEVICE_FAMILY = "1,2";
				TEST_HOST = "$(BUILT_PRODUCTS_DIR)/storeSwag.app/storeSwag";
			};
			name = Debug;
		};
		1BF9BBD62819226000E751DE /* Release */ = {
			isa = XCBuildConfiguration;
			buildSettings = {
				ALWAYS_EMBED_SWIFT_STANDARD_LIBRARIES = YES;
				BUNDLE_LOADER = "$(TEST_HOST)";
				CODE_SIGN_STYLE = Automatic;
				CURRENT_PROJECT_VERSION = 1;
				DEVELOPMENT_TEAM = 8M5L73RX22;
				GENERATE_INFOPLIST_FILE = YES;
				IPHONEOS_DEPLOYMENT_TARGET = 15.4;
				MARKETING_VERSION = 1.0;
				PRODUCT_BUNDLE_IDENTIFIER = sad.storeSwagTests;
				PRODUCT_NAME = "$(TARGET_NAME)";
				SWIFT_EMIT_LOC_STRINGS = NO;
				SWIFT_VERSION = 5.0;
				TARGETED_DEVICE_FAMILY = "1,2";
				TEST_HOST = "$(BUILT_PRODUCTS_DIR)/storeSwag.app/storeSwag";
			};
			name = Release;
		};
		1BF9BBD82819226000E751DE /* Debug */ = {
			isa = XCBuildConfiguration;
			buildSettings = {
				ALWAYS_EMBED_SWIFT_STANDARD_LIBRARIES = YES;
				CODE_SIGN_STYLE = Automatic;
				CURRENT_PROJECT_VERSION = 1;
				DEVELOPMENT_TEAM = 8M5L73RX22;
				GENERATE_INFOPLIST_FILE = YES;
				MARKETING_VERSION = 1.0;
				PRODUCT_BUNDLE_IDENTIFIER = sad.storeSwagUITests;
				PRODUCT_NAME = "$(TARGET_NAME)";
				SWIFT_EMIT_LOC_STRINGS = NO;
				SWIFT_VERSION = 5.0;
				TARGETED_DEVICE_FAMILY = "1,2";
				TEST_TARGET_NAME = storeSwag;
			};
			name = Debug;
		};
		1BF9BBD92819226000E751DE /* Release */ = {
			isa = XCBuildConfiguration;
			buildSettings = {
				ALWAYS_EMBED_SWIFT_STANDARD_LIBRARIES = YES;
				CODE_SIGN_STYLE = Automatic;
				CURRENT_PROJECT_VERSION = 1;
				DEVELOPMENT_TEAM = 8M5L73RX22;
				GENERATE_INFOPLIST_FILE = YES;
				MARKETING_VERSION = 1.0;
				PRODUCT_BUNDLE_IDENTIFIER = sad.storeSwagUITests;
				PRODUCT_NAME = "$(TARGET_NAME)";
				SWIFT_EMIT_LOC_STRINGS = NO;
				SWIFT_VERSION = 5.0;
				TARGETED_DEVICE_FAMILY = "1,2";
				TEST_TARGET_NAME = storeSwag;
			};
			name = Release;
		};
/* End XCBuildConfiguration section */

/* Begin XCConfigurationList section */
		1BF9BBA22819225D00E751DE /* Build configuration list for PBXProject "storeSwag" */ = {
			isa = XCConfigurationList;
			buildConfigurations = (
				1BF9BBCF2819226000E751DE /* Debug */,
				1BF9BBD02819226000E751DE /* Release */,
			);
			defaultConfigurationIsVisible = 0;
			defaultConfigurationName = Release;
		};
		1BF9BBD12819226000E751DE /* Build configuration list for PBXNativeTarget "storeSwag" */ = {
			isa = XCConfigurationList;
			buildConfigurations = (
				1BF9BBD22819226000E751DE /* Debug */,
				1BF9BBD32819226000E751DE /* Release */,
			);
			defaultConfigurationIsVisible = 0;
			defaultConfigurationName = Release;
		};
		1BF9BBD42819226000E751DE /* Build configuration list for PBXNativeTarget "storeSwagTests" */ = {
			isa = XCConfigurationList;
			buildConfigurations = (
				1BF9BBD52819226000E751DE /* Debug */,
				1BF9BBD62819226000E751DE /* Release */,
			);
			defaultConfigurationIsVisible = 0;
			defaultConfigurationName = Release;
		};
		1BF9BBD72819226000E751DE /* Build configuration list for PBXNativeTarget "storeSwagUITests" */ = {
			isa = XCConfigurationList;
			buildConfigurations = (
				1BF9BBD82819226000E751DE /* Debug */,
				1BF9BBD92819226000E751DE /* Release */,
			);
			defaultConfigurationIsVisible = 0;
			defaultConfigurationName = Release;
		};
/* End XCConfigurationList section */
	};
	rootObject = 1BF9BB9F2819225D00E751DE /* Project object */;
}
