// !$*UTF8*$!
{
	archiveVersion = 1;
	classes = {
	};
	objectVersion = 55;
	objects = {

/* Begin PBXBuildFile section */
		1B52152E28164C05008CA657 /* AppDelegate.swift in Sources */ = {isa = PBXBuildFile; fileRef = 1B52152D28164C05008CA657 /* AppDelegate.swift */; };
		1B52153028164C05008CA657 /* SceneDelegate.swift in Sources */ = {isa = PBXBuildFile; fileRef = 1B52152F28164C05008CA657 /* SceneDelegate.swift */; };
		1B52153228164C05008CA657 /* MainVC.swift in Sources */ = {isa = PBXBuildFile; fileRef = 1B52153128164C05008CA657 /* MainVC.swift */; };
		1B52153528164C05008CA657 /* Main.storyboard in Resources */ = {isa = PBXBuildFile; fileRef = 1B52153328164C05008CA657 /* Main.storyboard */; };
		1B52153728164C06008CA657 /* Assets.xcassets in Resources */ = {isa = PBXBuildFile; fileRef = 1B52153628164C06008CA657 /* Assets.xcassets */; };
		1B52153A28164C06008CA657 /* LaunchScreen.storyboard in Resources */ = {isa = PBXBuildFile; fileRef = 1B52153828164C06008CA657 /* LaunchScreen.storyboard */; };
		1B52154528164C06008CA657 /* KmToMilesTests.swift in Sources */ = {isa = PBXBuildFile; fileRef = 1B52154428164C06008CA657 /* KmToMilesTests.swift */; };
		1B52154F28164C06008CA657 /* KmToMilesUITests.swift in Sources */ = {isa = PBXBuildFile; fileRef = 1B52154E28164C06008CA657 /* KmToMilesUITests.swift */; };
		1B52155128164C06008CA657 /* KmToMilesUITestsLaunchTests.swift in Sources */ = {isa = PBXBuildFile; fileRef = 1B52155028164C06008CA657 /* KmToMilesUITestsLaunchTests.swift */; };
		1B52156128164DE7008CA657 /* TextFields.swift in Sources */ = {isa = PBXBuildFile; fileRef = 1B52156028164DE7008CA657 /* TextFields.swift */; };
		1B52156328165D16008CA657 /* Calculation.swift in Sources */ = {isa = PBXBuildFile; fileRef = 1B52156228165D16008CA657 /* Calculation.swift */; };
/* End PBXBuildFile section */

/* Begin PBXContainerItemProxy section */
		1B52154128164C06008CA657 /* PBXContainerItemProxy */ = {
			isa = PBXContainerItemProxy;
			containerPortal = 1B52152228164C05008CA657 /* Project object */;
			proxyType = 1;
			remoteGlobalIDString = 1B52152928164C05008CA657;
			remoteInfo = KmToMiles;
		};
		1B52154B28164C06008CA657 /* PBXContainerItemProxy */ = {
			isa = PBXContainerItemProxy;
			containerPortal = 1B52152228164C05008CA657 /* Project object */;
			proxyType = 1;
			remoteGlobalIDString = 1B52152928164C05008CA657;
			remoteInfo = KmToMiles;
		};
/* End PBXContainerItemProxy section */

/* Begin PBXFileReference section */
		1B52152A28164C05008CA657 /* KmToMiles.app */ = {isa = PBXFileReference; explicitFileType = wrapper.application; includeInIndex = 0; path = KmToMiles.app; sourceTree = BUILT_PRODUCTS_DIR; };
		1B52152D28164C05008CA657 /* AppDelegate.swift */ = {isa = PBXFileReference; lastKnownFileType = sourcecode.swift; path = AppDelegate.swift; sourceTree = "<group>"; };
		1B52152F28164C05008CA657 /* SceneDelegate.swift */ = {isa = PBXFileReference; lastKnownFileType = sourcecode.swift; path = SceneDelegate.swift; sourceTree = "<group>"; };
		1B52153128164C05008CA657 /* MainVC.swift */ = {isa = PBXFileReference; lastKnownFileType = sourcecode.swift; path = MainVC.swift; sourceTree = "<group>"; };
		1B52153428164C05008CA657 /* Base */ = {isa = PBXFileReference; lastKnownFileType = file.storyboard; name = Base; path = Base.lproj/Main.storyboard; sourceTree = "<group>"; };
		1B52153628164C06008CA657 /* Assets.xcassets */ = {isa = PBXFileReference; lastKnownFileType = folder.assetcatalog; path = Assets.xcassets; sourceTree = "<group>"; };
		1B52153928164C06008CA657 /* Base */ = {isa = PBXFileReference; lastKnownFileType = file.storyboard; name = Base; path = Base.lproj/LaunchScreen.storyboard; sourceTree = "<group>"; };
		1B52153B28164C06008CA657 /* Info.plist */ = {isa = PBXFileReference; lastKnownFileType = text.plist.xml; path = Info.plist; sourceTree = "<group>"; };
		1B52154028164C06008CA657 /* KmToMilesTests.xctest */ = {isa = PBXFileReference; explicitFileType = wrapper.cfbundle; includeInIndex = 0; path = KmToMilesTests.xctest; sourceTree = BUILT_PRODUCTS_DIR; };
		1B52154428164C06008CA657 /* KmToMilesTests.swift */ = {isa = PBXFileReference; lastKnownFileType = sourcecode.swift; path = KmToMilesTests.swift; sourceTree = "<group>"; };
		1B52154A28164C06008CA657 /* KmToMilesUITests.xctest */ = {isa = PBXFileReference; explicitFileType = wrapper.cfbundle; includeInIndex = 0; path = KmToMilesUITests.xctest; sourceTree = BUILT_PRODUCTS_DIR; };
		1B52154E28164C06008CA657 /* KmToMilesUITests.swift */ = {isa = PBXFileReference; lastKnownFileType = sourcecode.swift; path = KmToMilesUITests.swift; sourceTree = "<group>"; };
		1B52155028164C06008CA657 /* KmToMilesUITestsLaunchTests.swift */ = {isa = PBXFileReference; lastKnownFileType = sourcecode.swift; path = KmToMilesUITestsLaunchTests.swift; sourceTree = "<group>"; };
		1B52156028164DE7008CA657 /* TextFields.swift */ = {isa = PBXFileReference; lastKnownFileType = sourcecode.swift; path = TextFields.swift; sourceTree = "<group>"; };
		1B52156228165D16008CA657 /* Calculation.swift */ = {isa = PBXFileReference; lastKnownFileType = sourcecode.swift; path = Calculation.swift; sourceTree = "<group>"; };
/* End PBXFileReference section */

/* Begin PBXFrameworksBuildPhase section */
		1B52152728164C05008CA657 /* Frameworks */ = {
			isa = PBXFrameworksBuildPhase;
			buildActionMask = 2147483647;
			files = (
			);
			runOnlyForDeploymentPostprocessing = 0;
		};
		1B52153D28164C06008CA657 /* Frameworks */ = {
			isa = PBXFrameworksBuildPhase;
			buildActionMask = 2147483647;
			files = (
			);
			runOnlyForDeploymentPostprocessing = 0;
		};
		1B52154728164C06008CA657 /* Frameworks */ = {
			isa = PBXFrameworksBuildPhase;
			buildActionMask = 2147483647;
			files = (
			);
			runOnlyForDeploymentPostprocessing = 0;
		};
/* End PBXFrameworksBuildPhase section */

/* Begin PBXGroup section */
		1B52152128164C05008CA657 = {
			isa = PBXGroup;
			children = (
				1B52152C28164C05008CA657 /* KmToMiles */,
				1B52154328164C06008CA657 /* KmToMilesTests */,
				1B52154D28164C06008CA657 /* KmToMilesUITests */,
				1B52152B28164C05008CA657 /* Products */,
			);
			sourceTree = "<group>";
		};
		1B52152B28164C05008CA657 /* Products */ = {
			isa = PBXGroup;
			children = (
				1B52152A28164C05008CA657 /* KmToMiles.app */,
				1B52154028164C06008CA657 /* KmToMilesTests.xctest */,
				1B52154A28164C06008CA657 /* KmToMilesUITests.xctest */,
			);
			name = Products;
			sourceTree = "<group>";
		};
		1B52152C28164C05008CA657 /* KmToMiles */ = {
			isa = PBXGroup;
			children = (
				1B52155F28164C5D008CA657 /* Views */,
				1B52155E28164C1D008CA657 /* Controllers */,
				1B52155D28164C0E008CA657 /* Model */,
				1B52152D28164C05008CA657 /* AppDelegate.swift */,
				1B52152F28164C05008CA657 /* SceneDelegate.swift */,
				1B52153328164C05008CA657 /* Main.storyboard */,
				1B52153628164C06008CA657 /* Assets.xcassets */,
				1B52153828164C06008CA657 /* LaunchScreen.storyboard */,
				1B52153B28164C06008CA657 /* Info.plist */,
			);
			path = KmToMiles;
			sourceTree = "<group>";
		};
		1B52154328164C06008CA657 /* KmToMilesTests */ = {
			isa = PBXGroup;
			children = (
				1B52154428164C06008CA657 /* KmToMilesTests.swift */,
			);
			path = KmToMilesTests;
			sourceTree = "<group>";
		};
		1B52154D28164C06008CA657 /* KmToMilesUITests */ = {
			isa = PBXGroup;
			children = (
				1B52154E28164C06008CA657 /* KmToMilesUITests.swift */,
				1B52155028164C06008CA657 /* KmToMilesUITestsLaunchTests.swift */,
			);
			path = KmToMilesUITests;
			sourceTree = "<group>";
		};
		1B52155D28164C0E008CA657 /* Model */ = {
			isa = PBXGroup;
			children = (
				1B52156228165D16008CA657 /* Calculation.swift */,
			);
			path = Model;
			sourceTree = "<group>";
		};
		1B52155E28164C1D008CA657 /* Controllers */ = {
			isa = PBXGroup;
			children = (
				1B52153128164C05008CA657 /* MainVC.swift */,
			);
			path = Controllers;
			sourceTree = "<group>";
		};
		1B52155F28164C5D008CA657 /* Views */ = {
			isa = PBXGroup;
			children = (
				1B52156028164DE7008CA657 /* TextFields.swift */,
			);
			path = Views;
			sourceTree = "<group>";
		};
/* End PBXGroup section */

/* Begin PBXNativeTarget section */
		1B52152928164C05008CA657 /* KmToMiles */ = {
			isa = PBXNativeTarget;
			buildConfigurationList = 1B52155428164C06008CA657 /* Build configuration list for PBXNativeTarget "KmToMiles" */;
			buildPhases = (
				1B52152628164C05008CA657 /* Sources */,
				1B52152728164C05008CA657 /* Frameworks */,
				1B52152828164C05008CA657 /* Resources */,
			);
			buildRules = (
			);
			dependencies = (
			);
			name = KmToMiles;
			productName = KmToMiles;
			productReference = 1B52152A28164C05008CA657 /* KmToMiles.app */;
			productType = "com.apple.product-type.application";
		};
		1B52153F28164C06008CA657 /* KmToMilesTests */ = {
			isa = PBXNativeTarget;
			buildConfigurationList = 1B52155728164C06008CA657 /* Build configuration list for PBXNativeTarget "KmToMilesTests" */;
			buildPhases = (
				1B52153C28164C06008CA657 /* Sources */,
				1B52153D28164C06008CA657 /* Frameworks */,
				1B52153E28164C06008CA657 /* Resources */,
			);
			buildRules = (
			);
			dependencies = (
				1B52154228164C06008CA657 /* PBXTargetDependency */,
			);
			name = KmToMilesTests;
			productName = KmToMilesTests;
			productReference = 1B52154028164C06008CA657 /* KmToMilesTests.xctest */;
			productType = "com.apple.product-type.bundle.unit-test";
		};
		1B52154928164C06008CA657 /* KmToMilesUITests */ = {
			isa = PBXNativeTarget;
			buildConfigurationList = 1B52155A28164C06008CA657 /* Build configuration list for PBXNativeTarget "KmToMilesUITests" */;
			buildPhases = (
				1B52154628164C06008CA657 /* Sources */,
				1B52154728164C06008CA657 /* Frameworks */,
				1B52154828164C06008CA657 /* Resources */,
			);
			buildRules = (
			);
			dependencies = (
				1B52154C28164C06008CA657 /* PBXTargetDependency */,
			);
			name = KmToMilesUITests;
			productName = KmToMilesUITests;
			productReference = 1B52154A28164C06008CA657 /* KmToMilesUITests.xctest */;
			productType = "com.apple.product-type.bundle.ui-testing";
		};
/* End PBXNativeTarget section */

/* Begin PBXProject section */
		1B52152228164C05008CA657 /* Project object */ = {
			isa = PBXProject;
			attributes = {
				BuildIndependentTargetsInParallel = 1;
				LastSwiftUpdateCheck = 1330;
				LastUpgradeCheck = 1330;
				TargetAttributes = {
					1B52152928164C05008CA657 = {
						CreatedOnToolsVersion = 13.3;
					};
					1B52153F28164C06008CA657 = {
						CreatedOnToolsVersion = 13.3;
						TestTargetID = 1B52152928164C05008CA657;
					};
					1B52154928164C06008CA657 = {
						CreatedOnToolsVersion = 13.3;
						TestTargetID = 1B52152928164C05008CA657;
					};
				};
			};
			buildConfigurationList = 1B52152528164C05008CA657 /* Build configuration list for PBXProject "KmToMiles" */;
			compatibilityVersion = "Xcode 13.0";
			developmentRegion = en;
			hasScannedForEncodings = 0;
			knownRegions = (
				en,
				Base,
			);
			mainGroup = 1B52152128164C05008CA657;
			productRefGroup = 1B52152B28164C05008CA657 /* Products */;
			projectDirPath = "";
			projectRoot = "";
			targets = (
				1B52152928164C05008CA657 /* KmToMiles */,
				1B52153F28164C06008CA657 /* KmToMilesTests */,
				1B52154928164C06008CA657 /* KmToMilesUITests */,
			);
		};
/* End PBXProject section */

/* Begin PBXResourcesBuildPhase section */
		1B52152828164C05008CA657 /* Resources */ = {
			isa = PBXResourcesBuildPhase;
			buildActionMask = 2147483647;
			files = (
				1B52153A28164C06008CA657 /* LaunchScreen.storyboard in Resources */,
				1B52153728164C06008CA657 /* Assets.xcassets in Resources */,
				1B52153528164C05008CA657 /* Main.storyboard in Resources */,
			);
			runOnlyForDeploymentPostprocessing = 0;
		};
		1B52153E28164C06008CA657 /* Resources */ = {
			isa = PBXResourcesBuildPhase;
			buildActionMask = 2147483647;
			files = (
			);
			runOnlyForDeploymentPostprocessing = 0;
		};
		1B52154828164C06008CA657 /* Resources */ = {
			isa = PBXResourcesBuildPhase;
			buildActionMask = 2147483647;
			files = (
			);
			runOnlyForDeploymentPostprocessing = 0;
		};
/* End PBXResourcesBuildPhase section */

/* Begin PBXSourcesBuildPhase section */
		1B52152628164C05008CA657 /* Sources */ = {
			isa = PBXSourcesBuildPhase;
			buildActionMask = 2147483647;
			files = (
				1B52153228164C05008CA657 /* MainVC.swift in Sources */,
				1B52152E28164C05008CA657 /* AppDelegate.swift in Sources */,
				1B52153028164C05008CA657 /* SceneDelegate.swift in Sources */,
				1B52156128164DE7008CA657 /* TextFields.swift in Sources */,
				1B52156328165D16008CA657 /* Calculation.swift in Sources */,
			);
			runOnlyForDeploymentPostprocessing = 0;
		};
		1B52153C28164C06008CA657 /* Sources */ = {
			isa = PBXSourcesBuildPhase;
			buildActionMask = 2147483647;
			files = (
				1B52154528164C06008CA657 /* KmToMilesTests.swift in Sources */,
			);
			runOnlyForDeploymentPostprocessing = 0;
		};
		1B52154628164C06008CA657 /* Sources */ = {
			isa = PBXSourcesBuildPhase;
			buildActionMask = 2147483647;
			files = (
				1B52155128164C06008CA657 /* KmToMilesUITestsLaunchTests.swift in Sources */,
				1B52154F28164C06008CA657 /* KmToMilesUITests.swift in Sources */,
			);
			runOnlyForDeploymentPostprocessing = 0;
		};
/* End PBXSourcesBuildPhase section */

/* Begin PBXTargetDependency section */
		1B52154228164C06008CA657 /* PBXTargetDependency */ = {
			isa = PBXTargetDependency;
			target = 1B52152928164C05008CA657 /* KmToMiles */;
			targetProxy = 1B52154128164C06008CA657 /* PBXContainerItemProxy */;
		};
		1B52154C28164C06008CA657 /* PBXTargetDependency */ = {
			isa = PBXTargetDependency;
			target = 1B52152928164C05008CA657 /* KmToMiles */;
			targetProxy = 1B52154B28164C06008CA657 /* PBXContainerItemProxy */;
		};
/* End PBXTargetDependency section */

/* Begin PBXVariantGroup section */
		1B52153328164C05008CA657 /* Main.storyboard */ = {
			isa = PBXVariantGroup;
			children = (
				1B52153428164C05008CA657 /* Base */,
			);
			name = Main.storyboard;
			sourceTree = "<group>";
		};
		1B52153828164C06008CA657 /* LaunchScreen.storyboard */ = {
			isa = PBXVariantGroup;
			children = (
				1B52153928164C06008CA657 /* Base */,
			);
			name = LaunchScreen.storyboard;
			sourceTree = "<group>";
		};
/* End PBXVariantGroup section */

/* Begin XCBuildConfiguration section */
		1B52155228164C06008CA657 /* Debug */ = {
			isa = XCBuildConfiguration;
			buildSettings = {
				ALWAYS_SEARCH_USER_PATHS = NO;
				CLANG_ANALYZER_NONNULL = YES;
				CLANG_ANALYZER_NUMBER_OBJECT_CONVERSION = YES_AGGRESSIVE;
				CLANG_CXX_LANGUAGE_STANDARD = "gnu++17";
				CLANG_ENABLE_MODULES = YES;
				CLANG_ENABLE_OBJC_ARC = YES;
				CLANG_ENABLE_OBJC_WEAK = YES;
				CLANG_WARN_BLOCK_CAPTURE_AUTORELEASING = YES;
				CLANG_WARN_BOOL_CONVERSION = YES;
				CLANG_WARN_COMMA = YES;
				CLANG_WARN_CONSTANT_CONVERSION = YES;
				CLANG_WARN_DEPRECATED_OBJC_IMPLEMENTATIONS = YES;
				CLANG_WARN_DIRECT_OBJC_ISA_USAGE = YES_ERROR;
				CLANG_WARN_DOCUMENTATION_COMMENTS = YES;
				CLANG_WARN_EMPTY_BODY = YES;
				CLANG_WARN_ENUM_CONVERSION = YES;
				CLANG_WARN_INFINITE_RECURSION = YES;
				CLANG_WARN_INT_CONVERSION = YES;
				CLANG_WARN_NON_LITERAL_NULL_CONVERSION = YES;
				CLANG_WARN_OBJC_IMPLICIT_RETAIN_SELF = YES;
				CLANG_WARN_OBJC_LITERAL_CONVERSION = YES;
				CLANG_WARN_OBJC_ROOT_CLASS = YES_ERROR;
				CLANG_WARN_QUOTED_INCLUDE_IN_FRAMEWORK_HEADER = YES;
				CLANG_WARN_RANGE_LOOP_ANALYSIS = YES;
				CLANG_WARN_STRICT_PROTOTYPES = YES;
				CLANG_WARN_SUSPICIOUS_MOVE = YES;
				CLANG_WARN_UNGUARDED_AVAILABILITY = YES_AGGRESSIVE;
				CLANG_WARN_UNREACHABLE_CODE = YES;
				CLANG_WARN__DUPLICATE_METHOD_MATCH = YES;
				COPY_PHASE_STRIP = NO;
				DEBUG_INFORMATION_FORMAT = dwarf;
				ENABLE_STRICT_OBJC_MSGSEND = YES;
				ENABLE_TESTABILITY = YES;
				GCC_C_LANGUAGE_STANDARD = gnu11;
				GCC_DYNAMIC_NO_PIC = NO;
				GCC_NO_COMMON_BLOCKS = YES;
				GCC_OPTIMIZATION_LEVEL = 0;
				GCC_PREPROCESSOR_DEFINITIONS = (
					"DEBUG=1",
					"$(inherited)",
				);
				GCC_WARN_64_TO_32_BIT_CONVERSION = YES;
				GCC_WARN_ABOUT_RETURN_TYPE = YES_ERROR;
				GCC_WARN_UNDECLARED_SELECTOR = YES;
				GCC_WARN_UNINITIALIZED_AUTOS = YES_AGGRESSIVE;
				GCC_WARN_UNUSED_FUNCTION = YES;
				GCC_WARN_UNUSED_VARIABLE = YES;
				IPHONEOS_DEPLOYMENT_TARGET = 15.4;
				MTL_ENABLE_DEBUG_INFO = INCLUDE_SOURCE;
				MTL_FAST_MATH = YES;
				ONLY_ACTIVE_ARCH = YES;
				SDKROOT = iphoneos;
				SWIFT_ACTIVE_COMPILATION_CONDITIONS = DEBUG;
				SWIFT_OPTIMIZATION_LEVEL = "-Onone";
			};
			name = Debug;
		};
		1B52155328164C06008CA657 /* Release */ = {
			isa = XCBuildConfiguration;
			buildSettings = {
				ALWAYS_SEARCH_USER_PATHS = NO;
				CLANG_ANALYZER_NONNULL = YES;
				CLANG_ANALYZER_NUMBER_OBJECT_CONVERSION = YES_AGGRESSIVE;
				CLANG_CXX_LANGUAGE_STANDARD = "gnu++17";
				CLANG_ENABLE_MODULES = YES;
				CLANG_ENABLE_OBJC_ARC = YES;
				CLANG_ENABLE_OBJC_WEAK = YES;
				CLANG_WARN_BLOCK_CAPTURE_AUTORELEASING = YES;
				CLANG_WARN_BOOL_CONVERSION = YES;
				CLANG_WARN_COMMA = YES;
				CLANG_WARN_CONSTANT_CONVERSION = YES;
				CLANG_WARN_DEPRECATED_OBJC_IMPLEMENTATIONS = YES;
				CLANG_WARN_DIRECT_OBJC_ISA_USAGE = YES_ERROR;
				CLANG_WARN_DOCUMENTATION_COMMENTS = YES;
				CLANG_WARN_EMPTY_BODY = YES;
				CLANG_WARN_ENUM_CONVERSION = YES;
				CLANG_WARN_INFINITE_RECURSION = YES;
				CLANG_WARN_INT_CONVERSION = YES;
				CLANG_WARN_NON_LITERAL_NULL_CONVERSION = YES;
				CLANG_WARN_OBJC_IMPLICIT_RETAIN_SELF = YES;
				CLANG_WARN_OBJC_LITERAL_CONVERSION = YES;
				CLANG_WARN_OBJC_ROOT_CLASS = YES_ERROR;
				CLANG_WARN_QUOTED_INCLUDE_IN_FRAMEWORK_HEADER = YES;
				CLANG_WARN_RANGE_LOOP_ANALYSIS = YES;
				CLANG_WARN_STRICT_PROTOTYPES = YES;
				CLANG_WARN_SUSPICIOUS_MOVE = YES;
				CLANG_WARN_UNGUARDED_AVAILABILITY = YES_AGGRESSIVE;
				CLANG_WARN_UNREACHABLE_CODE = YES;
				CLANG_WARN__DUPLICATE_METHOD_MATCH = YES;
				COPY_PHASE_STRIP = NO;
				DEBUG_INFORMATION_FORMAT = "dwarf-with-dsym";
				ENABLE_NS_ASSERTIONS = NO;
				ENABLE_STRICT_OBJC_MSGSEND = YES;
				GCC_C_LANGUAGE_STANDARD = gnu11;
				GCC_NO_COMMON_BLOCKS = YES;
				GCC_WARN_64_TO_32_BIT_CONVERSION = YES;
				GCC_WARN_ABOUT_RETURN_TYPE = YES_ERROR;
				GCC_WARN_UNDECLARED_SELECTOR = YES;
				GCC_WARN_UNINITIALIZED_AUTOS = YES_AGGRESSIVE;
				GCC_WARN_UNUSED_FUNCTION = YES;
				GCC_WARN_UNUSED_VARIABLE = YES;
				IPHONEOS_DEPLOYMENT_TARGET = 15.4;
				MTL_ENABLE_DEBUG_INFO = NO;
				MTL_FAST_MATH = YES;
				SDKROOT = iphoneos;
				SWIFT_COMPILATION_MODE = wholemodule;
				SWIFT_OPTIMIZATION_LEVEL = "-O";
				VALIDATE_PRODUCT = YES;
			};
			name = Release;
		};
		1B52155528164C06008CA657 /* Debug */ = {
			isa = XCBuildConfiguration;
			buildSettings = {
				ASSETCATALOG_COMPILER_APPICON_NAME = AppIcon;
				ASSETCATALOG_COMPILER_GLOBAL_ACCENT_COLOR_NAME = AccentColor;
				CODE_SIGN_STYLE = Automatic;
				CURRENT_PROJECT_VERSION = 1;
				DEVELOPMENT_TEAM = 8M5L73RX22;
				GENERATE_INFOPLIST_FILE = YES;
				INFOPLIST_FILE = KmToMiles/Info.plist;
				INFOPLIST_KEY_UIApplicationSupportsIndirectInputEvents = YES;
				INFOPLIST_KEY_UILaunchStoryboardName = LaunchScreen;
				INFOPLIST_KEY_UIMainStoryboardFile = Main;
				INFOPLIST_KEY_UISupportedInterfaceOrientations_iPad = "UIInterfaceOrientationPortrait UIInterfaceOrientationPortraitUpsideDown UIInterfaceOrientationLandscapeLeft UIInterfaceOrientationLandscapeRight";
				INFOPLIST_KEY_UISupportedInterfaceOrientations_iPhone = "UIInterfaceOrientationPortrait UIInterfaceOrientationLandscapeLeft UIInterfaceOrientationLandscapeRight";
				LD_RUNPATH_SEARCH_PATHS = (
					"$(inherited)",
					"@executable_path/Frameworks",
				);
				MARKETING_VERSION = 1.0;
				PRODUCT_BUNDLE_IDENTIFIER = sad.KmToMiles;
				PRODUCT_NAME = "$(TARGET_NAME)";
				SWIFT_EMIT_LOC_STRINGS = YES;
				SWIFT_VERSION = 5.0;
				TARGETED_DEVICE_FAMILY = "1,2";
			};
			name = Debug;
		};
		1B52155628164C06008CA657 /* Release */ = {
			isa = XCBuildConfiguration;
			buildSettings = {
				ASSETCATALOG_COMPILER_APPICON_NAME = AppIcon;
				ASSETCATALOG_COMPILER_GLOBAL_ACCENT_COLOR_NAME = AccentColor;
				CODE_SIGN_STYLE = Automatic;
				CURRENT_PROJECT_VERSION = 1;
				DEVELOPMENT_TEAM = 8M5L73RX22;
				GENERATE_INFOPLIST_FILE = YES;
				INFOPLIST_FILE = KmToMiles/Info.plist;
				INFOPLIST_KEY_UIApplicationSupportsIndirectInputEvents = YES;
				INFOPLIST_KEY_UILaunchStoryboardName = LaunchScreen;
				INFOPLIST_KEY_UIMainStoryboardFile = Main;
				INFOPLIST_KEY_UISupportedInterfaceOrientations_iPad = "UIInterfaceOrientationPortrait UIInterfaceOrientationPortraitUpsideDown UIInterfaceOrientationLandscapeLeft UIInterfaceOrientationLandscapeRight";
				INFOPLIST_KEY_UISupportedInterfaceOrientations_iPhone = "UIInterfaceOrientationPortrait UIInterfaceOrientationLandscapeLeft UIInterfaceOrientationLandscapeRight";
				LD_RUNPATH_SEARCH_PATHS = (
					"$(inherited)",
					"@executable_path/Frameworks",
				);
				MARKETING_VERSION = 1.0;
				PRODUCT_BUNDLE_IDENTIFIER = sad.KmToMiles;
				PRODUCT_NAME = "$(TARGET_NAME)";
				SWIFT_EMIT_LOC_STRINGS = YES;
				SWIFT_VERSION = 5.0;
				TARGETED_DEVICE_FAMILY = "1,2";
			};
			name = Release;
		};
		1B52155828164C06008CA657 /* Debug */ = {
			isa = XCBuildConfiguration;
			buildSettings = {
				ALWAYS_EMBED_SWIFT_STANDARD_LIBRARIES = YES;
				BUNDLE_LOADER = "$(TEST_HOST)";
				CODE_SIGN_STYLE = Automatic;
				CURRENT_PROJECT_VERSION = 1;
				DEVELOPMENT_TEAM = 8M5L73RX22;
				GENERATE_INFOPLIST_FILE = YES;
				IPHONEOS_DEPLOYMENT_TARGET = 15.4;
				MARKETING_VERSION = 1.0;
				PRODUCT_BUNDLE_IDENTIFIER = sad.KmToMilesTests;
				PRODUCT_NAME = "$(TARGET_NAME)";
				SWIFT_EMIT_LOC_STRINGS = NO;
				SWIFT_VERSION = 5.0;
				TARGETED_DEVICE_FAMILY = "1,2";
				TEST_HOST = "$(BUILT_PRODUCTS_DIR)/KmToMiles.app/KmToMiles";
			};
			name = Debug;
		};
		1B52155928164C06008CA657 /* Release */ = {
			isa = XCBuildConfiguration;
			buildSettings = {
				ALWAYS_EMBED_SWIFT_STANDARD_LIBRARIES = YES;
				BUNDLE_LOADER = "$(TEST_HOST)";
				CODE_SIGN_STYLE = Automatic;
				CURRENT_PROJECT_VERSION = 1;
				DEVELOPMENT_TEAM = 8M5L73RX22;
				GENERATE_INFOPLIST_FILE = YES;
				IPHONEOS_DEPLOYMENT_TARGET = 15.4;
				MARKETING_VERSION = 1.0;
				PRODUCT_BUNDLE_IDENTIFIER = sad.KmToMilesTests;
				PRODUCT_NAME = "$(TARGET_NAME)";
				SWIFT_EMIT_LOC_STRINGS = NO;
				SWIFT_VERSION = 5.0;
				TARGETED_DEVICE_FAMILY = "1,2";
				TEST_HOST = "$(BUILT_PRODUCTS_DIR)/KmToMiles.app/KmToMiles";
			};
			name = Release;
		};
		1B52155B28164C06008CA657 /* Debug */ = {
			isa = XCBuildConfiguration;
			buildSettings = {
				ALWAYS_EMBED_SWIFT_STANDARD_LIBRARIES = YES;
				CODE_SIGN_STYLE = Automatic;
				CURRENT_PROJECT_VERSION = 1;
				DEVELOPMENT_TEAM = 8M5L73RX22;
				GENERATE_INFOPLIST_FILE = YES;
				MARKETING_VERSION = 1.0;
				PRODUCT_BUNDLE_IDENTIFIER = sad.KmToMilesUITests;
				PRODUCT_NAME = "$(TARGET_NAME)";
				SWIFT_EMIT_LOC_STRINGS = NO;
				SWIFT_VERSION = 5.0;
				TARGETED_DEVICE_FAMILY = "1,2";
				TEST_TARGET_NAME = KmToMiles;
			};
			name = Debug;
		};
		1B52155C28164C06008CA657 /* Release */ = {
			isa = XCBuildConfiguration;
			buildSettings = {
				ALWAYS_EMBED_SWIFT_STANDARD_LIBRARIES = YES;
				CODE_SIGN_STYLE = Automatic;
				CURRENT_PROJECT_VERSION = 1;
				DEVELOPMENT_TEAM = 8M5L73RX22;
				GENERATE_INFOPLIST_FILE = YES;
				MARKETING_VERSION = 1.0;
				PRODUCT_BUNDLE_IDENTIFIER = sad.KmToMilesUITests;
				PRODUCT_NAME = "$(TARGET_NAME)";
				SWIFT_EMIT_LOC_STRINGS = NO;
				SWIFT_VERSION = 5.0;
				TARGETED_DEVICE_FAMILY = "1,2";
				TEST_TARGET_NAME = KmToMiles;
			};
			name = Release;
		};
/* End XCBuildConfiguration section */

/* Begin XCConfigurationList section */
		1B52152528164C05008CA657 /* Build configuration list for PBXProject "KmToMiles" */ = {
			isa = XCConfigurationList;
			buildConfigurations = (
				1B52155228164C06008CA657 /* Debug */,
				1B52155328164C06008CA657 /* Release */,
			);
			defaultConfigurationIsVisible = 0;
			defaultConfigurationName = Release;
		};
		1B52155428164C06008CA657 /* Build configuration list for PBXNativeTarget "KmToMiles" */ = {
			isa = XCConfigurationList;
			buildConfigurations = (
				1B52155528164C06008CA657 /* Debug */,
				1B52155628164C06008CA657 /* Release */,
			);
			defaultConfigurationIsVisible = 0;
			defaultConfigurationName = Release;
		};
		1B52155728164C06008CA657 /* Build configuration list for PBXNativeTarget "KmToMilesTests" */ = {
			isa = XCConfigurationList;
			buildConfigurations = (
				1B52155828164C06008CA657 /* Debug */,
				1B52155928164C06008CA657 /* Release */,
			);
			defaultConfigurationIsVisible = 0;
			defaultConfigurationName = Release;
		};
		1B52155A28164C06008CA657 /* Build configuration list for PBXNativeTarget "KmToMilesUITests" */ = {
			isa = XCConfigurationList;
			buildConfigurations = (
				1B52155B28164C06008CA657 /* Debug */,
				1B52155C28164C06008CA657 /* Release */,
			);
			defaultConfigurationIsVisible = 0;
			defaultConfigurationName = Release;
		};
/* End XCConfigurationList section */
	};
	rootObject = 1B52152228164C05008CA657 /* Project object */;
}
