// !$*UTF8*$!
{
	archiveVersion = 1;
	classes = {
	};
	objectVersion = 55;
	objects = {

/* Begin PBXBuildFile section */
		1B29501C28452D9500FD5220 /* T1_Creating_and_Combining_ViewsApp.swift in Sources */ = {isa = PBXBuildFile; fileRef = 1B29501B28452D9500FD5220 /* T1_Creating_and_Combining_ViewsApp.swift */; };
		1B29501E28452D9500FD5220 /* ContentView.swift in Sources */ = {isa = PBXBuildFile; fileRef = 1B29501D28452D9500FD5220 /* ContentView.swift */; };
		1B29502028452D9500FD5220 /* Assets.xcassets in Resources */ = {isa = PBXBuildFile; fileRef = 1B29501F28452D9500FD5220 /* Assets.xcassets */; };
		1B29502328452D9500FD5220 /* Preview Assets.xcassets in Resources */ = {isa = PBXBuildFile; fileRef = 1B29502228452D9500FD5220 /* Preview Assets.xcassets */; };
		1B29502A2846475600FD5220 /* CircleImage.swift in Sources */ = {isa = PBXBuildFile; fileRef = 1B2950292846475600FD5220 /* CircleImage.swift */; };
		1B29502C2846489100FD5220 /* MapView.swift in Sources */ = {isa = PBXBuildFile; fileRef = 1B29502B2846489100FD5220 /* MapView.swift */; };
		1B29504C28467EF600FD5220 /* Landmark.swift in Sources */ = {isa = PBXBuildFile; fileRef = 1B29504B28467EF600FD5220 /* Landmark.swift */; };
		1B29504E28467F1600FD5220 /* landmarkData.json in Resources */ = {isa = PBXBuildFile; fileRef = 1B29504D28467F1600FD5220 /* landmarkData.json */; };
		1B2950502846839000FD5220 /* ModelData.swift in Sources */ = {isa = PBXBuildFile; fileRef = 1B29504F2846839000FD5220 /* ModelData.swift */; };
		1B295055284688F100FD5220 /* LandmarkRow.swift in Sources */ = {isa = PBXBuildFile; fileRef = 1B295054284688F100FD5220 /* LandmarkRow.swift */; };
		1B29505728468B6800FD5220 /* LandmarksList.swift in Sources */ = {isa = PBXBuildFile; fileRef = 1B29505628468B6800FD5220 /* LandmarksList.swift */; };
		1B29505928468D7300FD5220 /* LandmarkDetail.swift in Sources */ = {isa = PBXBuildFile; fileRef = 1B29505828468D7300FD5220 /* LandmarkDetail.swift */; };
/* End PBXBuildFile section */

/* Begin PBXFileReference section */
		1B29501828452D9500FD5220 /* T1_Creating and Combining Views.app */ = {isa = PBXFileReference; explicitFileType = wrapper.application; includeInIndex = 0; path = "T1_Creating and Combining Views.app"; sourceTree = BUILT_PRODUCTS_DIR; };
		1B29501B28452D9500FD5220 /* T1_Creating_and_Combining_ViewsApp.swift */ = {isa = PBXFileReference; lastKnownFileType = sourcecode.swift; path = T1_Creating_and_Combining_ViewsApp.swift; sourceTree = "<group>"; };
		1B29501D28452D9500FD5220 /* ContentView.swift */ = {isa = PBXFileReference; lastKnownFileType = sourcecode.swift; path = ContentView.swift; sourceTree = "<group>"; };
		1B29501F28452D9500FD5220 /* Assets.xcassets */ = {isa = PBXFileReference; lastKnownFileType = folder.assetcatalog; path = Assets.xcassets; sourceTree = "<group>"; };
		1B29502228452D9500FD5220 /* Preview Assets.xcassets */ = {isa = PBXFileReference; lastKnownFileType = folder.assetcatalog; path = "Preview Assets.xcassets"; sourceTree = "<group>"; };
		1B2950292846475600FD5220 /* CircleImage.swift */ = {isa = PBXFileReference; lastKnownFileType = sourcecode.swift; path = CircleImage.swift; sourceTree = "<group>"; };
		1B29502B2846489100FD5220 /* MapView.swift */ = {isa = PBXFileReference; lastKnownFileType = sourcecode.swift; path = MapView.swift; sourceTree = "<group>"; };
		1B29504B28467EF600FD5220 /* Landmark.swift */ = {isa = PBXFileReference; lastKnownFileType = sourcecode.swift; path = Landmark.swift; sourceTree = "<group>"; };
		1B29504D28467F1600FD5220 /* landmarkData.json */ = {isa = PBXFileReference; fileEncoding = 4; lastKnownFileType = text.json; path = landmarkData.json; sourceTree = "<group>"; };
		1B29504F2846839000FD5220 /* ModelData.swift */ = {isa = PBXFileReference; lastKnownFileType = sourcecode.swift; path = ModelData.swift; sourceTree = "<group>"; };
		1B295054284688F100FD5220 /* LandmarkRow.swift */ = {isa = PBXFileReference; lastKnownFileType = sourcecode.swift; path = LandmarkRow.swift; sourceTree = "<group>"; };
		1B29505628468B6800FD5220 /* LandmarksList.swift */ = {isa = PBXFileReference; lastKnownFileType = sourcecode.swift; path = LandmarksList.swift; sourceTree = "<group>"; };
		1B29505828468D7300FD5220 /* LandmarkDetail.swift */ = {isa = PBXFileReference; lastKnownFileType = sourcecode.swift; path = LandmarkDetail.swift; sourceTree = "<group>"; };
/* End PBXFileReference section */

/* Begin PBXFrameworksBuildPhase section */
		1B29501528452D9500FD5220 /* Frameworks */ = {
			isa = PBXFrameworksBuildPhase;
			buildActionMask = 2147483647;
			files = (
			);
			runOnlyForDeploymentPostprocessing = 0;
		};
/* End PBXFrameworksBuildPhase section */

/* Begin PBXGroup section */
		1B29500F28452D9500FD5220 = {
			isa = PBXGroup;
			children = (
				1B29501A28452D9500FD5220 /* T1_Creating and Combining Views */,
				1B29501928452D9500FD5220 /* Products */,
			);
			sourceTree = "<group>";
		};
		1B29501928452D9500FD5220 /* Products */ = {
			isa = PBXGroup;
			children = (
				1B29501828452D9500FD5220 /* T1_Creating and Combining Views.app */,
			);
			name = Products;
			sourceTree = "<group>";
		};
		1B29501A28452D9500FD5220 /* T1_Creating and Combining Views */ = {
			isa = PBXGroup;
			children = (
				1B2950532846882A00FD5220 /* Model */,
				1B2950522846882200FD5220 /* Views */,
				1B2950512846881700FD5220 /* Resourses */,
				1B29501B28452D9500FD5220 /* T1_Creating_and_Combining_ViewsApp.swift */,
				1B29501F28452D9500FD5220 /* Assets.xcassets */,
				1B29502128452D9500FD5220 /* Preview Content */,
			);
			path = "T1_Creating and Combining Views";
			sourceTree = "<group>";
		};
		1B29502128452D9500FD5220 /* Preview Content */ = {
			isa = PBXGroup;
			children = (
				1B29502228452D9500FD5220 /* Preview Assets.xcassets */,
			);
			path = "Preview Content";
			sourceTree = "<group>";
		};
		1B2950512846881700FD5220 /* Resourses */ = {
			isa = PBXGroup;
			children = (
				1B29504D28467F1600FD5220 /* landmarkData.json */,
			);
			path = Resourses;
			sourceTree = "<group>";
		};
		1B2950522846882200FD5220 /* Views */ = {
			isa = PBXGroup;
			children = (
				1B29501D28452D9500FD5220 /* ContentView.swift */,
				1B2950292846475600FD5220 /* CircleImage.swift */,
				1B29502B2846489100FD5220 /* MapView.swift */,
				1B295054284688F100FD5220 /* LandmarkRow.swift */,
				1B29505628468B6800FD5220 /* LandmarksList.swift */,
				1B29505828468D7300FD5220 /* LandmarkDetail.swift */,
			);
			path = Views;
			sourceTree = "<group>";
		};
		1B2950532846882A00FD5220 /* Model */ = {
			isa = PBXGroup;
			children = (
				1B29504B28467EF600FD5220 /* Landmark.swift */,
				1B29504F2846839000FD5220 /* ModelData.swift */,
			);
			path = Model;
			sourceTree = "<group>";
		};
/* End PBXGroup section */

/* Begin PBXNativeTarget section */
		1B29501728452D9500FD5220 /* T1_Creating and Combining Views */ = {
			isa = PBXNativeTarget;
			buildConfigurationList = 1B29502628452D9500FD5220 /* Build configuration list for PBXNativeTarget "T1_Creating and Combining Views" */;
			buildPhases = (
				1B29501428452D9500FD5220 /* Sources */,
				1B29501528452D9500FD5220 /* Frameworks */,
				1B29501628452D9500FD5220 /* Resources */,
			);
			buildRules = (
			);
			dependencies = (
			);
			name = "T1_Creating and Combining Views";
			productName = "T1_Creating and Combining Views";
			productReference = 1B29501828452D9500FD5220 /* T1_Creating and Combining Views.app */;
			productType = "com.apple.product-type.application";
		};
/* End PBXNativeTarget section */

/* Begin PBXProject section */
		1B29501028452D9500FD5220 /* Project object */ = {
			isa = PBXProject;
			attributes = {
				BuildIndependentTargetsInParallel = 1;
				LastSwiftUpdateCheck = 1340;
				LastUpgradeCheck = 1340;
				TargetAttributes = {
					1B29501728452D9500FD5220 = {
						CreatedOnToolsVersion = 13.4;
					};
				};
			};
			buildConfigurationList = 1B29501328452D9500FD5220 /* Build configuration list for PBXProject "T1_Creating and Combining Views" */;
			compatibilityVersion = "Xcode 13.0";
			developmentRegion = en;
			hasScannedForEncodings = 0;
			knownRegions = (
				en,
				Base,
			);
			mainGroup = 1B29500F28452D9500FD5220;
			productRefGroup = 1B29501928452D9500FD5220 /* Products */;
			projectDirPath = "";
			projectRoot = "";
			targets = (
				1B29501728452D9500FD5220 /* T1_Creating and Combining Views */,
			);
		};
/* End PBXProject section */

/* Begin PBXResourcesBuildPhase section */
		1B29501628452D9500FD5220 /* Resources */ = {
			isa = PBXResourcesBuildPhase;
			buildActionMask = 2147483647;
			files = (
				1B29502328452D9500FD5220 /* Preview Assets.xcassets in Resources */,
				1B29502028452D9500FD5220 /* Assets.xcassets in Resources */,
				1B29504E28467F1600FD5220 /* landmarkData.json in Resources */,
			);
			runOnlyForDeploymentPostprocessing = 0;
		};
/* End PBXResourcesBuildPhase section */

/* Begin PBXSourcesBuildPhase section */
		1B29501428452D9500FD5220 /* Sources */ = {
			isa = PBXSourcesBuildPhase;
			buildActionMask = 2147483647;
			files = (
				1B29501E28452D9500FD5220 /* ContentView.swift in Sources */,
				1B29502C2846489100FD5220 /* MapView.swift in Sources */,
				1B29501C28452D9500FD5220 /* T1_Creating_and_Combining_ViewsApp.swift in Sources */,
				1B29502A2846475600FD5220 /* CircleImage.swift in Sources */,
				1B29505928468D7300FD5220 /* LandmarkDetail.swift in Sources */,
				1B29504C28467EF600FD5220 /* Landmark.swift in Sources */,
				1B295055284688F100FD5220 /* LandmarkRow.swift in Sources */,
				1B2950502846839000FD5220 /* ModelData.swift in Sources */,
				1B29505728468B6800FD5220 /* LandmarksList.swift in Sources */,
			);
			runOnlyForDeploymentPostprocessing = 0;
		};
/* End PBXSourcesBuildPhase section */

/* Begin XCBuildConfiguration section */
		1B29502428452D9500FD5220 /* Debug */ = {
			isa = XCBuildConfiguration;
			buildSettings = {
				ALWAYS_SEARCH_USER_PATHS = NO;
				CLANG_ANALYZER_NONNULL = YES;
				CLANG_ANALYZER_NUMBER_OBJECT_CONVERSION = YES_AGGRESSIVE;
				CLANG_CXX_LANGUAGE_STANDARD = "gnu++17";
				CLANG_ENABLE_MODULES = YES;
				CLANG_ENABLE_OBJC_ARC = YES;
				CLANG_ENABLE_OBJC_WEAK = YES;
				CLANG_WARN_BLOCK_CAPTURE_AUTORELEASING = YES;
				CLANG_WARN_BOOL_CONVERSION = YES;
				CLANG_WARN_COMMA = YES;
				CLANG_WARN_CONSTANT_CONVERSION = YES;
				CLANG_WARN_DEPRECATED_OBJC_IMPLEMENTATIONS = YES;
				CLANG_WARN_DIRECT_OBJC_ISA_USAGE = YES_ERROR;
				CLANG_WARN_DOCUMENTATION_COMMENTS = YES;
				CLANG_WARN_EMPTY_BODY = YES;
				CLANG_WARN_ENUM_CONVERSION = YES;
				CLANG_WARN_INFINITE_RECURSION = YES;
				CLANG_WARN_INT_CONVERSION = YES;
				CLANG_WARN_NON_LITERAL_NULL_CONVERSION = YES;
				CLANG_WARN_OBJC_IMPLICIT_RETAIN_SELF = YES;
				CLANG_WARN_OBJC_LITERAL_CONVERSION = YES;
				CLANG_WARN_OBJC_ROOT_CLASS = YES_ERROR;
				CLANG_WARN_QUOTED_INCLUDE_IN_FRAMEWORK_HEADER = YES;
				CLANG_WARN_RANGE_LOOP_ANALYSIS = YES;
				CLANG_WARN_STRICT_PROTOTYPES = YES;
				CLANG_WARN_SUSPICIOUS_MOVE = YES;
				CLANG_WARN_UNGUARDED_AVAILABILITY = YES_AGGRESSIVE;
				CLANG_WARN_UNREACHABLE_CODE = YES;
				CLANG_WARN__DUPLICATE_METHOD_MATCH = YES;
				COPY_PHASE_STRIP = NO;
				DEBUG_INFORMATION_FORMAT = dwarf;
				ENABLE_STRICT_OBJC_MSGSEND = YES;
				ENABLE_TESTABILITY = YES;
				GCC_C_LANGUAGE_STANDARD = gnu11;
				GCC_DYNAMIC_NO_PIC = NO;
				GCC_NO_COMMON_BLOCKS = YES;
				GCC_OPTIMIZATION_LEVEL = 0;
				GCC_PREPROCESSOR_DEFINITIONS = (
					"DEBUG=1",
					"$(inherited)",
				);
				GCC_WARN_64_TO_32_BIT_CONVERSION = YES;
				GCC_WARN_ABOUT_RETURN_TYPE = YES_ERROR;
				GCC_WARN_UNDECLARED_SELECTOR = YES;
				GCC_WARN_UNINITIALIZED_AUTOS = YES_AGGRESSIVE;
				GCC_WARN_UNUSED_FUNCTION = YES;
				GCC_WARN_UNUSED_VARIABLE = YES;
				IPHONEOS_DEPLOYMENT_TARGET = 15.5;
				MTL_ENABLE_DEBUG_INFO = INCLUDE_SOURCE;
				MTL_FAST_MATH = YES;
				ONLY_ACTIVE_ARCH = YES;
				SDKROOT = iphoneos;
				SWIFT_ACTIVE_COMPILATION_CONDITIONS = DEBUG;
				SWIFT_OPTIMIZATION_LEVEL = "-Onone";
			};
			name = Debug;
		};
		1B29502528452D9500FD5220 /* Release */ = {
			isa = XCBuildConfiguration;
			buildSettings = {
				ALWAYS_SEARCH_USER_PATHS = NO;
				CLANG_ANALYZER_NONNULL = YES;
				CLANG_ANALYZER_NUMBER_OBJECT_CONVERSION = YES_AGGRESSIVE;
				CLANG_CXX_LANGUAGE_STANDARD = "gnu++17";
				CLANG_ENABLE_MODULES = YES;
				CLANG_ENABLE_OBJC_ARC = YES;
				CLANG_ENABLE_OBJC_WEAK = YES;
				CLANG_WARN_BLOCK_CAPTURE_AUTORELEASING = YES;
				CLANG_WARN_BOOL_CONVERSION = YES;
				CLANG_WARN_COMMA = YES;
				CLANG_WARN_CONSTANT_CONVERSION = YES;
				CLANG_WARN_DEPRECATED_OBJC_IMPLEMENTATIONS = YES;
				CLANG_WARN_DIRECT_OBJC_ISA_USAGE = YES_ERROR;
				CLANG_WARN_DOCUMENTATION_COMMENTS = YES;
				CLANG_WARN_EMPTY_BODY = YES;
				CLANG_WARN_ENUM_CONVERSION = YES;
				CLANG_WARN_INFINITE_RECURSION = YES;
				CLANG_WARN_INT_CONVERSION = YES;
				CLANG_WARN_NON_LITERAL_NULL_CONVERSION = YES;
				CLANG_WARN_OBJC_IMPLICIT_RETAIN_SELF = YES;
				CLANG_WARN_OBJC_LITERAL_CONVERSION = YES;
				CLANG_WARN_OBJC_ROOT_CLASS = YES_ERROR;
				CLANG_WARN_QUOTED_INCLUDE_IN_FRAMEWORK_HEADER = YES;
				CLANG_WARN_RANGE_LOOP_ANALYSIS = YES;
				CLANG_WARN_STRICT_PROTOTYPES = YES;
				CLANG_WARN_SUSPICIOUS_MOVE = YES;
				CLANG_WARN_UNGUARDED_AVAILABILITY = YES_AGGRESSIVE;
				CLANG_WARN_UNREACHABLE_CODE = YES;
				CLANG_WARN__DUPLICATE_METHOD_MATCH = YES;
				COPY_PHASE_STRIP = NO;
				DEBUG_INFORMATION_FORMAT = "dwarf-with-dsym";
				ENABLE_NS_ASSERTIONS = NO;
				ENABLE_STRICT_OBJC_MSGSEND = YES;
				GCC_C_LANGUAGE_STANDARD = gnu11;
				GCC_NO_COMMON_BLOCKS = YES;
				GCC_WARN_64_TO_32_BIT_CONVERSION = YES;
				GCC_WARN_ABOUT_RETURN_TYPE = YES_ERROR;
				GCC_WARN_UNDECLARED_SELECTOR = YES;
				GCC_WARN_UNINITIALIZED_AUTOS = YES_AGGRESSIVE;
				GCC_WARN_UNUSED_FUNCTION = YES;
				GCC_WARN_UNUSED_VARIABLE = YES;
				IPHONEOS_DEPLOYMENT_TARGET = 15.5;
				MTL_ENABLE_DEBUG_INFO = NO;
				MTL_FAST_MATH = YES;
				SDKROOT = iphoneos;
				SWIFT_COMPILATION_MODE = wholemodule;
				SWIFT_OPTIMIZATION_LEVEL = "-O";
				VALIDATE_PRODUCT = YES;
			};
			name = Release;
		};
		1B29502728452D9500FD5220 /* Debug */ = {
			isa = XCBuildConfiguration;
			buildSettings = {
				ASSETCATALOG_COMPILER_APPICON_NAME = AppIcon;
				ASSETCATALOG_COMPILER_GLOBAL_ACCENT_COLOR_NAME = AccentColor;
				CODE_SIGN_STYLE = Automatic;
				CURRENT_PROJECT_VERSION = 1;
				DEVELOPMENT_ASSET_PATHS = "\"T1_Creating and Combining Views/Preview Content\"";
				DEVELOPMENT_TEAM = 8M5L73RX22;
				ENABLE_PREVIEWS = YES;
				GENERATE_INFOPLIST_FILE = YES;
				INFOPLIST_KEY_UIApplicationSceneManifest_Generation = YES;
				INFOPLIST_KEY_UIApplicationSupportsIndirectInputEvents = YES;
				INFOPLIST_KEY_UILaunchScreen_Generation = YES;
				INFOPLIST_KEY_UISupportedInterfaceOrientations_iPad = "UIInterfaceOrientationPortrait UIInterfaceOrientationPortraitUpsideDown UIInterfaceOrientationLandscapeLeft UIInterfaceOrientationLandscapeRight";
				INFOPLIST_KEY_UISupportedInterfaceOrientations_iPhone = "UIInterfaceOrientationPortrait UIInterfaceOrientationLandscapeLeft UIInterfaceOrientationLandscapeRight";
				LD_RUNPATH_SEARCH_PATHS = (
					"$(inherited)",
					"@executable_path/Frameworks",
				);
				MARKETING_VERSION = 1.0;
				PRODUCT_BUNDLE_IDENTIFIER = "sad.T1-Creating-and-Combining-Views";
				PRODUCT_NAME = "$(TARGET_NAME)";
				SWIFT_EMIT_LOC_STRINGS = YES;
				SWIFT_VERSION = 5.0;
				TARGETED_DEVICE_FAMILY = "1,2";
			};
			name = Debug;
		};
		1B29502828452D9500FD5220 /* Release */ = {
			isa = XCBuildConfiguration;
			buildSettings = {
				ASSETCATALOG_COMPILER_APPICON_NAME = AppIcon;
				ASSETCATALOG_COMPILER_GLOBAL_ACCENT_COLOR_NAME = AccentColor;
				CODE_SIGN_STYLE = Automatic;
				CURRENT_PROJECT_VERSION = 1;
				DEVELOPMENT_ASSET_PATHS = "\"T1_Creating and Combining Views/Preview Content\"";
				DEVELOPMENT_TEAM = 8M5L73RX22;
				ENABLE_PREVIEWS = YES;
				GENERATE_INFOPLIST_FILE = YES;
				INFOPLIST_KEY_UIApplicationSceneManifest_Generation = YES;
				INFOPLIST_KEY_UIApplicationSupportsIndirectInputEvents = YES;
				INFOPLIST_KEY_UILaunchScreen_Generation = YES;
				INFOPLIST_KEY_UISupportedInterfaceOrientations_iPad = "UIInterfaceOrientationPortrait UIInterfaceOrientationPortraitUpsideDown UIInterfaceOrientationLandscapeLeft UIInterfaceOrientationLandscapeRight";
				INFOPLIST_KEY_UISupportedInterfaceOrientations_iPhone = "UIInterfaceOrientationPortrait UIInterfaceOrientationLandscapeLeft UIInterfaceOrientationLandscapeRight";
				LD_RUNPATH_SEARCH_PATHS = (
					"$(inherited)",
					"@executable_path/Frameworks",
				);
				MARKETING_VERSION = 1.0;
				PRODUCT_BUNDLE_IDENTIFIER = "sad.T1-Creating-and-Combining-Views";
				PRODUCT_NAME = "$(TARGET_NAME)";
				SWIFT_EMIT_LOC_STRINGS = YES;
				SWIFT_VERSION = 5.0;
				TARGETED_DEVICE_FAMILY = "1,2";
			};
			name = Release;
		};
/* End XCBuildConfiguration section */

/* Begin XCConfigurationList section */
		1B29501328452D9500FD5220 /* Build configuration list for PBXProject "T1_Creating and Combining Views" */ = {
			isa = XCConfigurationList;
			buildConfigurations = (
				1B29502428452D9500FD5220 /* Debug */,
				1B29502528452D9500FD5220 /* Release */,
			);
			defaultConfigurationIsVisible = 0;
			defaultConfigurationName = Release;
		};
		1B29502628452D9500FD5220 /* Build configuration list for PBXNativeTarget "T1_Creating and Combining Views" */ = {
			isa = XCConfigurationList;
			buildConfigurations = (
				1B29502728452D9500FD5220 /* Debug */,
				1B29502828452D9500FD5220 /* Release */,
			);
			defaultConfigurationIsVisible = 0;
			defaultConfigurationName = Release;
		};
/* End XCConfigurationList section */
	};
	rootObject = 1B29501028452D9500FD5220 /* Project object */;
}
